// !$*UTF8*$!
{
	archiveVersion = 1;
	classes = {
	};
	objectVersion = 56;
	objects = {

/* Begin PBXBuildFile section */
		78941FF92B5DB586006A12DF /* IOS_Eagle_EngagementApp.swift in Sources */ = {isa = PBXBuildFile; fileRef = 78941FF82B5DB586006A12DF /* IOS_Eagle_EngagementApp.swift */; };
		78941FFB2B5DB586006A12DF /* ContentView.swift in Sources */ = {isa = PBXBuildFile; fileRef = 78941FFA2B5DB586006A12DF /* ContentView.swift */; };
		78941FFD2B5DB588006A12DF /* Assets.xcassets in Resources */ = {isa = PBXBuildFile; fileRef = 78941FFC2B5DB588006A12DF /* Assets.xcassets */; };
		789420012B5DB588006A12DF /* Preview Assets.xcassets in Resources */ = {isa = PBXBuildFile; fileRef = 789420002B5DB588006A12DF /* Preview Assets.xcassets */; };
		7894200B2B5DB588006A12DF /* IOS_Eagle_EngagementTests.swift in Sources */ = {isa = PBXBuildFile; fileRef = 7894200A2B5DB588006A12DF /* IOS_Eagle_EngagementTests.swift */; };
		789420152B5DB588006A12DF /* IOS_Eagle_EngagementUITests.swift in Sources */ = {isa = PBXBuildFile; fileRef = 789420142B5DB588006A12DF /* IOS_Eagle_EngagementUITests.swift */; };
		789420172B5DB588006A12DF /* IOS_Eagle_EngagementUITestsLaunchTests.swift in Sources */ = {isa = PBXBuildFile; fileRef = 789420162B5DB588006A12DF /* IOS_Eagle_EngagementUITestsLaunchTests.swift */; };
/* End PBXBuildFile section */

/* Begin PBXContainerItemProxy section */
		789420072B5DB588006A12DF /* PBXContainerItemProxy */ = {
			isa = PBXContainerItemProxy;
			containerPortal = 78941FED2B5DB586006A12DF /* Project object */;
			proxyType = 1;
			remoteGlobalIDString = 78941FF42B5DB586006A12DF;
			remoteInfo = "IOS-Eagle-Engagement";
		};
		789420112B5DB588006A12DF /* PBXContainerItemProxy */ = {
			isa = PBXContainerItemProxy;
			containerPortal = 78941FED2B5DB586006A12DF /* Project object */;
			proxyType = 1;
			remoteGlobalIDString = 78941FF42B5DB586006A12DF;
			remoteInfo = "IOS-Eagle-Engagement";
		};
/* End PBXContainerItemProxy section */

/* Begin PBXFileReference section */
		78941FF52B5DB586006A12DF /* IOS-Eagle-Engagement.app */ = {isa = PBXFileReference; explicitFileType = wrapper.application; includeInIndex = 0; path = "IOS-Eagle-Engagement.app"; sourceTree = BUILT_PRODUCTS_DIR; };
		78941FF82B5DB586006A12DF /* IOS_Eagle_EngagementApp.swift */ = {isa = PBXFileReference; lastKnownFileType = sourcecode.swift; path = IOS_Eagle_EngagementApp.swift; sourceTree = "<group>"; };
		78941FFA2B5DB586006A12DF /* ContentView.swift */ = {isa = PBXFileReference; lastKnownFileType = sourcecode.swift; path = ContentView.swift; sourceTree = "<group>"; };
		78941FFC2B5DB588006A12DF /* Assets.xcassets */ = {isa = PBXFileReference; lastKnownFileType = folder.assetcatalog; path = Assets.xcassets; sourceTree = "<group>"; };
		78941FFE2B5DB588006A12DF /* IOS_Eagle_Engagement.entitlements */ = {isa = PBXFileReference; lastKnownFileType = text.plist.entitlements; path = IOS_Eagle_Engagement.entitlements; sourceTree = "<group>"; };
		789420002B5DB588006A12DF /* Preview Assets.xcassets */ = {isa = PBXFileReference; lastKnownFileType = folder.assetcatalog; path = "Preview Assets.xcassets"; sourceTree = "<group>"; };
		789420062B5DB588006A12DF /* IOS-Eagle-EngagementTests.xctest */ = {isa = PBXFileReference; explicitFileType = wrapper.cfbundle; includeInIndex = 0; path = "IOS-Eagle-EngagementTests.xctest"; sourceTree = BUILT_PRODUCTS_DIR; };
		7894200A2B5DB588006A12DF /* IOS_Eagle_EngagementTests.swift */ = {isa = PBXFileReference; lastKnownFileType = sourcecode.swift; path = IOS_Eagle_EngagementTests.swift; sourceTree = "<group>"; };
		789420102B5DB588006A12DF /* IOS-Eagle-EngagementUITests.xctest */ = {isa = PBXFileReference; explicitFileType = wrapper.cfbundle; includeInIndex = 0; path = "IOS-Eagle-EngagementUITests.xctest"; sourceTree = BUILT_PRODUCTS_DIR; };
		789420142B5DB588006A12DF /* IOS_Eagle_EngagementUITests.swift */ = {isa = PBXFileReference; lastKnownFileType = sourcecode.swift; path = IOS_Eagle_EngagementUITests.swift; sourceTree = "<group>"; };
		789420162B5DB588006A12DF /* IOS_Eagle_EngagementUITestsLaunchTests.swift */ = {isa = PBXFileReference; lastKnownFileType = sourcecode.swift; path = IOS_Eagle_EngagementUITestsLaunchTests.swift; sourceTree = "<group>"; };
/* End PBXFileReference section */

/* Begin PBXFrameworksBuildPhase section */
		78941FF22B5DB586006A12DF /* Frameworks */ = {
			isa = PBXFrameworksBuildPhase;
			buildActionMask = 2147483647;
			files = (
			);
			runOnlyForDeploymentPostprocessing = 0;
		};
		789420032B5DB588006A12DF /* Frameworks */ = {
			isa = PBXFrameworksBuildPhase;
			buildActionMask = 2147483647;
			files = (
			);
			runOnlyForDeploymentPostprocessing = 0;
		};
		7894200D2B5DB588006A12DF /* Frameworks */ = {
			isa = PBXFrameworksBuildPhase;
			buildActionMask = 2147483647;
			files = (
			);
			runOnlyForDeploymentPostprocessing = 0;
		};
/* End PBXFrameworksBuildPhase section */

/* Begin PBXGroup section */
		78941FEC2B5DB586006A12DF = {
			isa = PBXGroup;
			children = (
				78941FF72B5DB586006A12DF /* IOS-Eagle-Engagement */,
				789420092B5DB588006A12DF /* IOS-Eagle-EngagementTests */,
				789420132B5DB588006A12DF /* IOS-Eagle-EngagementUITests */,
				78941FF62B5DB586006A12DF /* Products */,
			);
			sourceTree = "<group>";
		};
		78941FF62B5DB586006A12DF /* Products */ = {
			isa = PBXGroup;
			children = (
				78941FF52B5DB586006A12DF /* IOS-Eagle-Engagement.app */,
				789420062B5DB588006A12DF /* IOS-Eagle-EngagementTests.xctest */,
				789420102B5DB588006A12DF /* IOS-Eagle-EngagementUITests.xctest */,
			);
			name = Products;
			sourceTree = "<group>";
		};
		78941FF72B5DB586006A12DF /* IOS-Eagle-Engagement */ = {
			isa = PBXGroup;
			children = (
				78941FF82B5DB586006A12DF /* IOS_Eagle_EngagementApp.swift */,
				78941FFA2B5DB586006A12DF /* ContentView.swift */,
				78941FFC2B5DB588006A12DF /* Assets.xcassets */,
				78941FFE2B5DB588006A12DF /* IOS_Eagle_Engagement.entitlements */,
				78941FFF2B5DB588006A12DF /* Preview Content */,
			);
			path = "IOS-Eagle-Engagement";
			sourceTree = "<group>";
		};
		78941FFF2B5DB588006A12DF /* Preview Content */ = {
			isa = PBXGroup;
			children = (
				789420002B5DB588006A12DF /* Preview Assets.xcassets */,
			);
			path = "Preview Content";
			sourceTree = "<group>";
		};
		789420092B5DB588006A12DF /* IOS-Eagle-EngagementTests */ = {
			isa = PBXGroup;
			children = (
				7894200A2B5DB588006A12DF /* IOS_Eagle_EngagementTests.swift */,
			);
			path = "IOS-Eagle-EngagementTests";
			sourceTree = "<group>";
		};
		789420132B5DB588006A12DF /* IOS-Eagle-EngagementUITests */ = {
			isa = PBXGroup;
			children = (
				789420142B5DB588006A12DF /* IOS_Eagle_EngagementUITests.swift */,
				789420162B5DB588006A12DF /* IOS_Eagle_EngagementUITestsLaunchTests.swift */,
			);
			path = "IOS-Eagle-EngagementUITests";
			sourceTree = "<group>";
		};
/* End PBXGroup section */

/* Begin PBXNativeTarget section */
		78941FF42B5DB586006A12DF /* IOS-Eagle-Engagement */ = {
			isa = PBXNativeTarget;
			buildConfigurationList = 7894201A2B5DB588006A12DF /* Build configuration list for PBXNativeTarget "IOS-Eagle-Engagement" */;
			buildPhases = (
				78941FF12B5DB586006A12DF /* Sources */,
				78941FF22B5DB586006A12DF /* Frameworks */,
				78941FF32B5DB586006A12DF /* Resources */,
			);
			buildRules = (
			);
			dependencies = (
			);
			name = "IOS-Eagle-Engagement";
			productName = "IOS-Eagle-Engagement";
			productReference = 78941FF52B5DB586006A12DF /* IOS-Eagle-Engagement.app */;
			productType = "com.apple.product-type.application";
		};
		789420052B5DB588006A12DF /* IOS-Eagle-EngagementTests */ = {
			isa = PBXNativeTarget;
			buildConfigurationList = 7894201D2B5DB588006A12DF /* Build configuration list for PBXNativeTarget "IOS-Eagle-EngagementTests" */;
			buildPhases = (
				789420022B5DB588006A12DF /* Sources */,
				789420032B5DB588006A12DF /* Frameworks */,
				789420042B5DB588006A12DF /* Resources */,
			);
			buildRules = (
			);
			dependencies = (
				789420082B5DB588006A12DF /* PBXTargetDependency */,
			);
			name = "IOS-Eagle-EngagementTests";
			productName = "IOS-Eagle-EngagementTests";
			productReference = 789420062B5DB588006A12DF /* IOS-Eagle-EngagementTests.xctest */;
			productType = "com.apple.product-type.bundle.unit-test";
		};
		7894200F2B5DB588006A12DF /* IOS-Eagle-EngagementUITests */ = {
			isa = PBXNativeTarget;
			buildConfigurationList = 789420202B5DB588006A12DF /* Build configuration list for PBXNativeTarget "IOS-Eagle-EngagementUITests" */;
			buildPhases = (
				7894200C2B5DB588006A12DF /* Sources */,
				7894200D2B5DB588006A12DF /* Frameworks */,
				7894200E2B5DB588006A12DF /* Resources */,
			);
			buildRules = (
			);
			dependencies = (
				789420122B5DB588006A12DF /* PBXTargetDependency */,
			);
			name = "IOS-Eagle-EngagementUITests";
			productName = "IOS-Eagle-EngagementUITests";
			productReference = 789420102B5DB588006A12DF /* IOS-Eagle-EngagementUITests.xctest */;
			productType = "com.apple.product-type.bundle.ui-testing";
		};
/* End PBXNativeTarget section */

/* Begin PBXProject section */
		78941FED2B5DB586006A12DF /* Project object */ = {
			isa = PBXProject;
			attributes = {
				BuildIndependentTargetsInParallel = 1;
				LastSwiftUpdateCheck = 1420;
				LastUpgradeCheck = 1420;
				TargetAttributes = {
					78941FF42B5DB586006A12DF = {
						CreatedOnToolsVersion = 14.2;
					};
					789420052B5DB588006A12DF = {
						CreatedOnToolsVersion = 14.2;
						TestTargetID = 78941FF42B5DB586006A12DF;
					};
					7894200F2B5DB588006A12DF = {
						CreatedOnToolsVersion = 14.2;
						TestTargetID = 78941FF42B5DB586006A12DF;
					};
				};
			};
			buildConfigurationList = 78941FF02B5DB586006A12DF /* Build configuration list for PBXProject "IOS-Eagle-Engagement" */;
			compatibilityVersion = "Xcode 14.0";
			developmentRegion = en;
			hasScannedForEncodings = 0;
			knownRegions = (
				en,
				Base,
			);
			mainGroup = 78941FEC2B5DB586006A12DF;
			productRefGroup = 78941FF62B5DB586006A12DF /* Products */;
			projectDirPath = "";
			projectRoot = "";
			targets = (
				78941FF42B5DB586006A12DF /* IOS-Eagle-Engagement */,
				789420052B5DB588006A12DF /* IOS-Eagle-EngagementTests */,
				7894200F2B5DB588006A12DF /* IOS-Eagle-EngagementUITests */,
			);
		};
/* End PBXProject section */

/* Begin PBXResourcesBuildPhase section */
		78941FF32B5DB586006A12DF /* Resources */ = {
			isa = PBXResourcesBuildPhase;
			buildActionMask = 2147483647;
			files = (
				789420012B5DB588006A12DF /* Preview Assets.xcassets in Resources */,
				78941FFD2B5DB588006A12DF /* Assets.xcassets in Resources */,
			);
			runOnlyForDeploymentPostprocessing = 0;
		};
		789420042B5DB588006A12DF /* Resources */ = {
			isa = PBXResourcesBuildPhase;
			buildActionMask = 2147483647;
			files = (
			);
			runOnlyForDeploymentPostprocessing = 0;
		};
		7894200E2B5DB588006A12DF /* Resources */ = {
			isa = PBXResourcesBuildPhase;
			buildActionMask = 2147483647;
			files = (
			);
			runOnlyForDeploymentPostprocessing = 0;
		};
/* End PBXResourcesBuildPhase section */

/* Begin PBXSourcesBuildPhase section */
		78941FF12B5DB586006A12DF /* Sources */ = {
			isa = PBXSourcesBuildPhase;
			buildActionMask = 2147483647;
			files = (
				78941FFB2B5DB586006A12DF /* ContentView.swift in Sources */,
				78941FF92B5DB586006A12DF /* IOS_Eagle_EngagementApp.swift in Sources */,
			);
			runOnlyForDeploymentPostprocessing = 0;
		};
		789420022B5DB588006A12DF /* Sources */ = {
			isa = PBXSourcesBuildPhase;
			buildActionMask = 2147483647;
			files = (
				7894200B2B5DB588006A12DF /* IOS_Eagle_EngagementTests.swift in Sources */,
			);
			runOnlyForDeploymentPostprocessing = 0;
		};
		7894200C2B5DB588006A12DF /* Sources */ = {
			isa = PBXSourcesBuildPhase;
			buildActionMask = 2147483647;
			files = (
				789420172B5DB588006A12DF /* IOS_Eagle_EngagementUITestsLaunchTests.swift in Sources */,
				789420152B5DB588006A12DF /* IOS_Eagle_EngagementUITests.swift in Sources */,
			);
			runOnlyForDeploymentPostprocessing = 0;
		};
/* End PBXSourcesBuildPhase section */

/* Begin PBXTargetDependency section */
		789420082B5DB588006A12DF /* PBXTargetDependency */ = {
			isa = PBXTargetDependency;
			target = 78941FF42B5DB586006A12DF /* IOS-Eagle-Engagement */;
			targetProxy = 789420072B5DB588006A12DF /* PBXContainerItemProxy */;
		};
		789420122B5DB588006A12DF /* PBXTargetDependency */ = {
			isa = PBXTargetDependency;
			target = 78941FF42B5DB586006A12DF /* IOS-Eagle-Engagement */;
			targetProxy = 789420112B5DB588006A12DF /* PBXContainerItemProxy */;
		};
/* End PBXTargetDependency section */

/* Begin XCBuildConfiguration section */
		789420182B5DB588006A12DF /* Debug */ = {
			isa = XCBuildConfiguration;
			buildSettings = {
				ALWAYS_SEARCH_USER_PATHS = NO;
				CLANG_ANALYZER_NONNULL = YES;
				CLANG_ANALYZER_NUMBER_OBJECT_CONVERSION = YES_AGGRESSIVE;
				CLANG_CXX_LANGUAGE_STANDARD = "gnu++20";
				CLANG_ENABLE_MODULES = YES;
				CLANG_ENABLE_OBJC_ARC = YES;
				CLANG_ENABLE_OBJC_WEAK = YES;
				CLANG_WARN_BLOCK_CAPTURE_AUTORELEASING = YES;
				CLANG_WARN_BOOL_CONVERSION = YES;
				CLANG_WARN_COMMA = YES;
				CLANG_WARN_CONSTANT_CONVERSION = YES;
				CLANG_WARN_DEPRECATED_OBJC_IMPLEMENTATIONS = YES;
				CLANG_WARN_DIRECT_OBJC_ISA_USAGE = YES_ERROR;
				CLANG_WARN_DOCUMENTATION_COMMENTS = YES;
				CLANG_WARN_EMPTY_BODY = YES;
				CLANG_WARN_ENUM_CONVERSION = YES;
				CLANG_WARN_INFINITE_RECURSION = YES;
				CLANG_WARN_INT_CONVERSION = YES;
				CLANG_WARN_NON_LITERAL_NULL_CONVERSION = YES;
				CLANG_WARN_OBJC_IMPLICIT_RETAIN_SELF = YES;
				CLANG_WARN_OBJC_LITERAL_CONVERSION = YES;
				CLANG_WARN_OBJC_ROOT_CLASS = YES_ERROR;
				CLANG_WARN_QUOTED_INCLUDE_IN_FRAMEWORK_HEADER = YES;
				CLANG_WARN_RANGE_LOOP_ANALYSIS = YES;
				CLANG_WARN_STRICT_PROTOTYPES = YES;
				CLANG_WARN_SUSPICIOUS_MOVE = YES;
				CLANG_WARN_UNGUARDED_AVAILABILITY = YES_AGGRESSIVE;
				CLANG_WARN_UNREACHABLE_CODE = YES;
				CLANG_WARN__DUPLICATE_METHOD_MATCH = YES;
				COPY_PHASE_STRIP = NO;
				DEBUG_INFORMATION_FORMAT = dwarf;
				ENABLE_STRICT_OBJC_MSGSEND = YES;
				ENABLE_TESTABILITY = YES;
				GCC_C_LANGUAGE_STANDARD = gnu11;
				GCC_DYNAMIC_NO_PIC = NO;
				GCC_NO_COMMON_BLOCKS = YES;
				GCC_OPTIMIZATION_LEVEL = 0;
				GCC_PREPROCESSOR_DEFINITIONS = (
					"DEBUG=1",
					"$(inherited)",
				);
				GCC_WARN_64_TO_32_BIT_CONVERSION = YES;
				GCC_WARN_ABOUT_RETURN_TYPE = YES_ERROR;
				GCC_WARN_UNDECLARED_SELECTOR = YES;
				GCC_WARN_UNINITIALIZED_AUTOS = YES_AGGRESSIVE;
				GCC_WARN_UNUSED_FUNCTION = YES;
				GCC_WARN_UNUSED_VARIABLE = YES;
				MTL_ENABLE_DEBUG_INFO = INCLUDE_SOURCE;
				MTL_FAST_MATH = YES;
				ONLY_ACTIVE_ARCH = YES;
				SWIFT_ACTIVE_COMPILATION_CONDITIONS = DEBUG;
				SWIFT_OPTIMIZATION_LEVEL = "-Onone";
			};
			name = Debug;
		};
		789420192B5DB588006A12DF /* Release */ = {
			isa = XCBuildConfiguration;
			buildSettings = {
				ALWAYS_SEARCH_USER_PATHS = NO;
				CLANG_ANALYZER_NONNULL = YES;
				CLANG_ANALYZER_NUMBER_OBJECT_CONVERSION = YES_AGGRESSIVE;
				CLANG_CXX_LANGUAGE_STANDARD = "gnu++20";
				CLANG_ENABLE_MODULES = YES;
				CLANG_ENABLE_OBJC_ARC = YES;
				CLANG_ENABLE_OBJC_WEAK = YES;
				CLANG_WARN_BLOCK_CAPTURE_AUTORELEASING = YES;
				CLANG_WARN_BOOL_CONVERSION = YES;
				CLANG_WARN_COMMA = YES;
				CLANG_WARN_CONSTANT_CONVERSION = YES;
				CLANG_WARN_DEPRECATED_OBJC_IMPLEMENTATIONS = YES;
				CLANG_WARN_DIRECT_OBJC_ISA_USAGE = YES_ERROR;
				CLANG_WARN_DOCUMENTATION_COMMENTS = YES;
				CLANG_WARN_EMPTY_BODY = YES;
				CLANG_WARN_ENUM_CONVERSION = YES;
				CLANG_WARN_INFINITE_RECURSION = YES;
				CLANG_WARN_INT_CONVERSION = YES;
				CLANG_WARN_NON_LITERAL_NULL_CONVERSION = YES;
				CLANG_WARN_OBJC_IMPLICIT_RETAIN_SELF = YES;
				CLANG_WARN_OBJC_LITERAL_CONVERSION = YES;
				CLANG_WARN_OBJC_ROOT_CLASS = YES_ERROR;
				CLANG_WARN_QUOTED_INCLUDE_IN_FRAMEWORK_HEADER = YES;
				CLANG_WARN_RANGE_LOOP_ANALYSIS = YES;
				CLANG_WARN_STRICT_PROTOTYPES = YES;
				CLANG_WARN_SUSPICIOUS_MOVE = YES;
				CLANG_WARN_UNGUARDED_AVAILABILITY = YES_AGGRESSIVE;
				CLANG_WARN_UNREACHABLE_CODE = YES;
				CLANG_WARN__DUPLICATE_METHOD_MATCH = YES;
				COPY_PHASE_STRIP = NO;
				DEBUG_INFORMATION_FORMAT = "dwarf-with-dsym";
				ENABLE_NS_ASSERTIONS = NO;
				ENABLE_STRICT_OBJC_MSGSEND = YES;
				GCC_C_LANGUAGE_STANDARD = gnu11;
				GCC_NO_COMMON_BLOCKS = YES;
				GCC_WARN_64_TO_32_BIT_CONVERSION = YES;
				GCC_WARN_ABOUT_RETURN_TYPE = YES_ERROR;
				GCC_WARN_UNDECLARED_SELECTOR = YES;
				GCC_WARN_UNINITIALIZED_AUTOS = YES_AGGRESSIVE;
				GCC_WARN_UNUSED_FUNCTION = YES;
				GCC_WARN_UNUSED_VARIABLE = YES;
				MTL_ENABLE_DEBUG_INFO = NO;
				MTL_FAST_MATH = YES;
				SWIFT_COMPILATION_MODE = wholemodule;
				SWIFT_OPTIMIZATION_LEVEL = "-O";
			};
			name = Release;
		};
		7894201B2B5DB588006A12DF /* Debug */ = {
			isa = XCBuildConfiguration;
			buildSettings = {
				ASSETCATALOG_COMPILER_APPICON_NAME = AppIcon;
				ASSETCATALOG_COMPILER_GLOBAL_ACCENT_COLOR_NAME = AccentColor;
				CODE_SIGN_ENTITLEMENTS = "IOS-Eagle-Engagement/IOS_Eagle_Engagement.entitlements";
				CODE_SIGN_STYLE = Automatic;
				CURRENT_PROJECT_VERSION = 1;
				DEVELOPMENT_ASSET_PATHS = "\"IOS-Eagle-Engagement/Preview Content\"";
				DEVELOPMENT_TEAM = 9ZF59X67MC;
				ENABLE_HARDENED_RUNTIME = YES;
				ENABLE_PREVIEWS = YES;
				GENERATE_INFOPLIST_FILE = YES;
				"INFOPLIST_KEY_UIApplicationSceneManifest_Generation[sdk=iphoneos*]" = YES;
				"INFOPLIST_KEY_UIApplicationSceneManifest_Generation[sdk=iphonesimulator*]" = YES;
				"INFOPLIST_KEY_UIApplicationSupportsIndirectInputEvents[sdk=iphoneos*]" = YES;
				"INFOPLIST_KEY_UIApplicationSupportsIndirectInputEvents[sdk=iphonesimulator*]" = YES;
				"INFOPLIST_KEY_UILaunchScreen_Generation[sdk=iphoneos*]" = YES;
				"INFOPLIST_KEY_UILaunchScreen_Generation[sdk=iphonesimulator*]" = YES;
				"INFOPLIST_KEY_UIStatusBarStyle[sdk=iphoneos*]" = UIStatusBarStyleDefault;
				"INFOPLIST_KEY_UIStatusBarStyle[sdk=iphonesimulator*]" = UIStatusBarStyleDefault;
				INFOPLIST_KEY_UISupportedInterfaceOrientations_iPad = "UIInterfaceOrientationPortrait UIInterfaceOrientationPortraitUpsideDown UIInterfaceOrientationLandscapeLeft UIInterfaceOrientationLandscapeRight";
				INFOPLIST_KEY_UISupportedInterfaceOrientations_iPhone = "UIInterfaceOrientationPortrait UIInterfaceOrientationLandscapeLeft UIInterfaceOrientationLandscapeRight";
				IPHONEOS_DEPLOYMENT_TARGET = 16.2;
				LD_RUNPATH_SEARCH_PATHS = "@executable_path/Frameworks";
				"LD_RUNPATH_SEARCH_PATHS[sdk=macosx*]" = "@executable_path/../Frameworks";
				MACOSX_DEPLOYMENT_TARGET = 12.7;
				MARKETING_VERSION = 1.0;
				PRODUCT_BUNDLE_IDENTIFIER = "BL2.IOS-Eagle-Engagement";
				PRODUCT_NAME = "$(TARGET_NAME)";
				SDKROOT = auto;
				SUPPORTED_PLATFORMS = "iphoneos iphonesimulator macosx";
				SWIFT_EMIT_LOC_STRINGS = YES;
				SWIFT_VERSION = 5.0;
				TARGETED_DEVICE_FAMILY = "1,2";
			};
			name = Debug;
		};
		7894201C2B5DB588006A12DF /* Release */ = {
			isa = XCBuildConfiguration;
			buildSettings = {
				ASSETCATALOG_COMPILER_APPICON_NAME = AppIcon;
				ASSETCATALOG_COMPILER_GLOBAL_ACCENT_COLOR_NAME = AccentColor;
				CODE_SIGN_ENTITLEMENTS = "IOS-Eagle-Engagement/IOS_Eagle_Engagement.entitlements";
				CODE_SIGN_STYLE = Automatic;
				CURRENT_PROJECT_VERSION = 1;
				DEVELOPMENT_ASSET_PATHS = "\"IOS-Eagle-Engagement/Preview Content\"";
				DEVELOPMENT_TEAM = 9ZF59X67MC;
				ENABLE_HARDENED_RUNTIME = YES;
				ENABLE_PREVIEWS = YES;
				GENERATE_INFOPLIST_FILE = YES;
				"INFOPLIST_KEY_UIApplicationSceneManifest_Generation[sdk=iphoneos*]" = YES;
				"INFOPLIST_KEY_UIApplicationSceneManifest_Generation[sdk=iphonesimulator*]" = YES;
				"INFOPLIST_KEY_UIApplicationSupportsIndirectInputEvents[sdk=iphoneos*]" = YES;
				"INFOPLIST_KEY_UIApplicationSupportsIndirectInputEvents[sdk=iphonesimulator*]" = YES;
				"INFOPLIST_KEY_UILaunchScreen_Generation[sdk=iphoneos*]" = YES;
				"INFOPLIST_KEY_UILaunchScreen_Generation[sdk=iphonesimulator*]" = YES;
				"INFOPLIST_KEY_UIStatusBarStyle[sdk=iphoneos*]" = UIStatusBarStyleDefault;
				"INFOPLIST_KEY_UIStatusBarStyle[sdk=iphonesimulator*]" = UIStatusBarStyleDefault;
				INFOPLIST_KEY_UISupportedInterfaceOrientations_iPad = "UIInterfaceOrientationPortrait UIInterfaceOrientationPortraitUpsideDown UIInterfaceOrientationLandscapeLeft UIInterfaceOrientationLandscapeRight";
				INFOPLIST_KEY_UISupportedInterfaceOrientations_iPhone = "UIInterfaceOrientationPortrait UIInterfaceOrientationLandscapeLeft UIInterfaceOrientationLandscapeRight";
				IPHONEOS_DEPLOYMENT_TARGET = 16.2;
				LD_RUNPATH_SEARCH_PATHS = "@executable_path/Frameworks";
				"LD_RUNPATH_SEARCH_PATHS[sdk=macosx*]" = "@executable_path/../Frameworks";
				MACOSX_DEPLOYMENT_TARGET = 12.7;
				MARKETING_VERSION = 1.0;
				PRODUCT_BUNDLE_IDENTIFIER = "BL2.IOS-Eagle-Engagement";
				PRODUCT_NAME = "$(TARGET_NAME)";
				SDKROOT = auto;
				SUPPORTED_PLATFORMS = "iphoneos iphonesimulator macosx";
				SWIFT_EMIT_LOC_STRINGS = YES;
				SWIFT_VERSION = 5.0;
				TARGETED_DEVICE_FAMILY = "1,2";
			};
			name = Release;
		};
		7894201E2B5DB588006A12DF /* Debug */ = {
			isa = XCBuildConfiguration;
			buildSettings = {
				ALWAYS_EMBED_SWIFT_STANDARD_LIBRARIES = YES;
				BUNDLE_LOADER = "$(TEST_HOST)";
				CODE_SIGN_STYLE = Automatic;
				CURRENT_PROJECT_VERSION = 1;
				DEVELOPMENT_TEAM = 9ZF59X67MC;
				GENERATE_INFOPLIST_FILE = YES;
				IPHONEOS_DEPLOYMENT_TARGET = 16.2;
				MACOSX_DEPLOYMENT_TARGET = 12.7;
				MARKETING_VERSION = 1.0;
				PRODUCT_BUNDLE_IDENTIFIER = "BL2.IOS-Eagle-EngagementTests";
				PRODUCT_NAME = "$(TARGET_NAME)";
				SDKROOT = auto;
				SUPPORTED_PLATFORMS = "iphoneos iphonesimulator macosx";
				SWIFT_EMIT_LOC_STRINGS = NO;
				SWIFT_VERSION = 5.0;
				TARGETED_DEVICE_FAMILY = "1,2";
				TEST_HOST = "$(BUILT_PRODUCTS_DIR)/IOS-Eagle-Engagement.app/$(BUNDLE_EXECUTABLE_FOLDER_PATH)/IOS-Eagle-Engagement";
			};
			name = Debug;
		};
		7894201F2B5DB588006A12DF /* Release */ = {
			isa = XCBuildConfiguration;
			buildSettings = {
				ALWAYS_EMBED_SWIFT_STANDARD_LIBRARIES = YES;
				BUNDLE_LOADER = "$(TEST_HOST)";
				CODE_SIGN_STYLE = Automatic;
				CURRENT_PROJECT_VERSION = 1;
				DEVELOPMENT_TEAM = 9ZF59X67MC;
				GENERATE_INFOPLIST_FILE = YES;
				IPHONEOS_DEPLOYMENT_TARGET = 16.2;
				MACOSX_DEPLOYMENT_TARGET = 12.7;
				MARKETING_VERSION = 1.0;
				PRODUCT_BUNDLE_IDENTIFIER = "BL2.IOS-Eagle-EngagementTests";
				PRODUCT_NAME = "$(TARGET_NAME)";
				SDKROOT = auto;
				SUPPORTED_PLATFORMS = "iphoneos iphonesimulator macosx";
				SWIFT_EMIT_LOC_STRINGS = NO;
				SWIFT_VERSION = 5.0;
				TARGETED_DEVICE_FAMILY = "1,2";
				TEST_HOST = "$(BUILT_PRODUCTS_DIR)/IOS-Eagle-Engagement.app/$(BUNDLE_EXECUTABLE_FOLDER_PATH)/IOS-Eagle-Engagement";
			};
			name = Release;
		};
		789420212B5DB588006A12DF /* Debug */ = {
			isa = XCBuildConfiguration;
			buildSettings = {
				ALWAYS_EMBED_SWIFT_STANDARD_LIBRARIES = YES;
				CODE_SIGN_STYLE = Automatic;
				CURRENT_PROJECT_VERSION = 1;
				DEVELOPMENT_TEAM = 9ZF59X67MC;
				GENERATE_INFOPLIST_FILE = YES;
				IPHONEOS_DEPLOYMENT_TARGET = 16.2;
				MACOSX_DEPLOYMENT_TARGET = 12.7;
				MARKETING_VERSION = 1.0;
				PRODUCT_BUNDLE_IDENTIFIER = "BL2.IOS-Eagle-EngagementUITests";
				PRODUCT_NAME = "$(TARGET_NAME)";
				SDKROOT = auto;
				SUPPORTED_PLATFORMS = "iphoneos iphonesimulator macosx";
				SWIFT_EMIT_LOC_STRINGS = NO;
				SWIFT_VERSION = 5.0;
				TARGETED_DEVICE_FAMILY = "1,2";
				TEST_TARGET_NAME = "IOS-Eagle-Engagement";
			};
			name = Debug;
		};
		789420222B5DB588006A12DF /* Release */ = {
			isa = XCBuildConfiguration;
			buildSettings = {
				ALWAYS_EMBED_SWIFT_STANDARD_LIBRARIES = YES;
				CODE_SIGN_STYLE = Automatic;
				CURRENT_PROJECT_VERSION = 1;
				DEVELOPMENT_TEAM = 9ZF59X67MC;
				GENERATE_INFOPLIST_FILE = YES;
				IPHONEOS_DEPLOYMENT_TARGET = 16.2;
				MACOSX_DEPLOYMENT_TARGET = 12.7;
				MARKETING_VERSION = 1.0;
				PRODUCT_BUNDLE_IDENTIFIER = "BL2.IOS-Eagle-EngagementUITests";
				PRODUCT_NAME = "$(TARGET_NAME)";
				SDKROOT = auto;
				SUPPORTED_PLATFORMS = "iphoneos iphonesimulator macosx";
				SWIFT_EMIT_LOC_STRINGS = NO;
				SWIFT_VERSION = 5.0;
				TARGETED_DEVICE_FAMILY = "1,2";
				TEST_TARGET_NAME = "IOS-Eagle-Engagement";
			};
			name = Release;
		};
/* End XCBuildConfiguration section */

/* Begin XCConfigurationList section */
		78941FF02B5DB586006A12DF /* Build configuration list for PBXProject "IOS-Eagle-Engagement" */ = {
			isa = XCConfigurationList;
			buildConfigurations = (
				789420182B5DB588006A12DF /* Debug */,
				789420192B5DB588006A12DF /* Release */,
			);
			defaultConfigurationIsVisible = 0;
			defaultConfigurationName = Release;
		};
		7894201A2B5DB588006A12DF /* Build configuration list for PBXNativeTarget "IOS-Eagle-Engagement" */ = {
			isa = XCConfigurationList;
			buildConfigurations = (
				7894201B2B5DB588006A12DF /* Debug */,
				7894201C2B5DB588006A12DF /* Release */,
			);
			defaultConfigurationIsVisible = 0;
			defaultConfigurationName = Release;
		};
		7894201D2B5DB588006A12DF /* Build configuration list for PBXNativeTarget "IOS-Eagle-EngagementTests" */ = {
			isa = XCConfigurationList;
			buildConfigurations = (
				7894201E2B5DB588006A12DF /* Debug */,
				7894201F2B5DB588006A12DF /* Release */,
			);
			defaultConfigurationIsVisible = 0;
			defaultConfigurationName = Release;
		};
		789420202B5DB588006A12DF /* Build configuration list for PBXNativeTarget "IOS-Eagle-EngagementUITests" */ = {
			isa = XCConfigurationList;
			buildConfigurations = (
				789420212B5DB588006A12DF /* Debug */,
				789420222B5DB588006A12DF /* Release */,
			);
			defaultConfigurationIsVisible = 0;
			defaultConfigurationName = Release;
		};
/* End XCConfigurationList section */
	};
	rootObject = 78941FED2B5DB586006A12DF /* Project object */;
}
