// !$*UTF8*$!
{
	archiveVersion = 1;
	classes = {
	};
	objectVersion = 56;
	objects = {

/* Begin PBXBuildFile section */
		786B07272B922A85000E425D /* ConnectEDUApp.swift in Sources */ = {isa = PBXBuildFile; fileRef = 786B07262B922A85000E425D /* ConnectEDUApp.swift */; };
		786B07292B922A85000E425D /* ContentView.swift in Sources */ = {isa = PBXBuildFile; fileRef = 786B07282B922A85000E425D /* ContentView.swift */; };
		786B072B2B922A86000E425D /* Assets.xcassets in Resources */ = {isa = PBXBuildFile; fileRef = 786B072A2B922A86000E425D /* Assets.xcassets */; };
		786B072E2B922A86000E425D /* Preview Assets.xcassets in Resources */ = {isa = PBXBuildFile; fileRef = 786B072D2B922A86000E425D /* Preview Assets.xcassets */; };
		786B07382B922A86000E425D /* ConnectEDUTests.swift in Sources */ = {isa = PBXBuildFile; fileRef = 786B07372B922A86000E425D /* ConnectEDUTests.swift */; };
		786B07422B922A86000E425D /* ConnectEDUUITests.swift in Sources */ = {isa = PBXBuildFile; fileRef = 786B07412B922A86000E425D /* ConnectEDUUITests.swift */; };
		786B07442B922A86000E425D /* ConnectEDUUITestsLaunchTests.swift in Sources */ = {isa = PBXBuildFile; fileRef = 786B07432B922A86000E425D /* ConnectEDUUITestsLaunchTests.swift */; };
		786B07552B922AEE000E425D /* loginPageView.swift in Sources */ = {isa = PBXBuildFile; fileRef = 786B07542B922AEE000E425D /* loginPageView.swift */; };
		786B07582B922B1C000E425D /* homePageView.swift in Sources */ = {isa = PBXBuildFile; fileRef = 786B07572B922B1C000E425D /* homePageView.swift */; };
		786B075B2B922B5E000E425D /* viewExtension.swift in Sources */ = {isa = PBXBuildFile; fileRef = 786B075A2B922B5E000E425D /* viewExtension.swift */; };
		786B075D2B922E39000E425D /* loginViewModel.swift in Sources */ = {isa = PBXBuildFile; fileRef = 786B075C2B922E39000E425D /* loginViewModel.swift */; };
		786B07642B923461000E425D /* upperNavbarCompView.swift in Sources */ = {isa = PBXBuildFile; fileRef = 786B07632B923461000E425D /* upperNavbarCompView.swift */; };
		786B07662B923D1B000E425D /* stringExtension.swift in Sources */ = {isa = PBXBuildFile; fileRef = 786B07652B923D1B000E425D /* stringExtension.swift */; };
		786B07682B924E8F000E425D /* homePageViewModel.swift in Sources */ = {isa = PBXBuildFile; fileRef = 786B07672B924E8F000E425D /* homePageViewModel.swift */; };
		786B076B2B925601000E425D /* signupPageView.swift in Sources */ = {isa = PBXBuildFile; fileRef = 786B076A2B925601000E425D /* signupPageView.swift */; };
		786B07732B9271E1000E425D /* Environment.swift in Sources */ = {isa = PBXBuildFile; fileRef = 786B07722B9271E1000E425D /* Environment.swift */; };
		786B07752B9276A6000E425D /* signupViewModel.swift in Sources */ = {isa = PBXBuildFile; fileRef = 786B07742B9276A6000E425D /* signupViewModel.swift */; };
		786B07782B937671000E425D /* verifyPageView.swift in Sources */ = {isa = PBXBuildFile; fileRef = 786B07772B937671000E425D /* verifyPageView.swift */; };
/* End PBXBuildFile section */

/* Begin PBXContainerItemProxy section */
		786B07342B922A86000E425D /* PBXContainerItemProxy */ = {
			isa = PBXContainerItemProxy;
			containerPortal = 786B071B2B922A85000E425D /* Project object */;
			proxyType = 1;
			remoteGlobalIDString = 786B07222B922A85000E425D;
			remoteInfo = ConnectEDU;
		};
		786B073E2B922A86000E425D /* PBXContainerItemProxy */ = {
			isa = PBXContainerItemProxy;
			containerPortal = 786B071B2B922A85000E425D /* Project object */;
			proxyType = 1;
			remoteGlobalIDString = 786B07222B922A85000E425D;
			remoteInfo = ConnectEDU;
		};
/* End PBXContainerItemProxy section */

/* Begin PBXFileReference section */
		786B07232B922A85000E425D /* ConnectEDU.app */ = {isa = PBXFileReference; explicitFileType = wrapper.application; includeInIndex = 0; path = ConnectEDU.app; sourceTree = BUILT_PRODUCTS_DIR; };
		786B07262B922A85000E425D /* ConnectEDUApp.swift */ = {isa = PBXFileReference; lastKnownFileType = sourcecode.swift; path = ConnectEDUApp.swift; sourceTree = "<group>"; };
		786B07282B922A85000E425D /* ContentView.swift */ = {isa = PBXFileReference; lastKnownFileType = sourcecode.swift; path = ContentView.swift; sourceTree = "<group>"; };
		786B072A2B922A86000E425D /* Assets.xcassets */ = {isa = PBXFileReference; lastKnownFileType = folder.assetcatalog; path = Assets.xcassets; sourceTree = "<group>"; };
		786B072D2B922A86000E425D /* Preview Assets.xcassets */ = {isa = PBXFileReference; lastKnownFileType = folder.assetcatalog; path = "Preview Assets.xcassets"; sourceTree = "<group>"; };
		786B07332B922A86000E425D /* ConnectEDUTests.xctest */ = {isa = PBXFileReference; explicitFileType = wrapper.cfbundle; includeInIndex = 0; path = ConnectEDUTests.xctest; sourceTree = BUILT_PRODUCTS_DIR; };
		786B07372B922A86000E425D /* ConnectEDUTests.swift */ = {isa = PBXFileReference; lastKnownFileType = sourcecode.swift; path = ConnectEDUTests.swift; sourceTree = "<group>"; };
		786B073D2B922A86000E425D /* ConnectEDUUITests.xctest */ = {isa = PBXFileReference; explicitFileType = wrapper.cfbundle; includeInIndex = 0; path = ConnectEDUUITests.xctest; sourceTree = BUILT_PRODUCTS_DIR; };
		786B07412B922A86000E425D /* ConnectEDUUITests.swift */ = {isa = PBXFileReference; lastKnownFileType = sourcecode.swift; path = ConnectEDUUITests.swift; sourceTree = "<group>"; };
		786B07432B922A86000E425D /* ConnectEDUUITestsLaunchTests.swift */ = {isa = PBXFileReference; lastKnownFileType = sourcecode.swift; path = ConnectEDUUITestsLaunchTests.swift; sourceTree = "<group>"; };
		786B07542B922AEE000E425D /* loginPageView.swift */ = {isa = PBXFileReference; lastKnownFileType = sourcecode.swift; path = loginPageView.swift; sourceTree = "<group>"; };
		786B07572B922B1C000E425D /* homePageView.swift */ = {isa = PBXFileReference; lastKnownFileType = sourcecode.swift; path = homePageView.swift; sourceTree = "<group>"; };
		786B075A2B922B5E000E425D /* viewExtension.swift */ = {isa = PBXFileReference; lastKnownFileType = sourcecode.swift; path = viewExtension.swift; sourceTree = "<group>"; };
		786B075C2B922E39000E425D /* loginViewModel.swift */ = {isa = PBXFileReference; lastKnownFileType = sourcecode.swift; path = loginViewModel.swift; sourceTree = "<group>"; };
		786B07632B923461000E425D /* upperNavbarCompView.swift */ = {isa = PBXFileReference; lastKnownFileType = sourcecode.swift; path = upperNavbarCompView.swift; sourceTree = "<group>"; };
		786B07652B923D1B000E425D /* stringExtension.swift */ = {isa = PBXFileReference; lastKnownFileType = sourcecode.swift; path = stringExtension.swift; sourceTree = "<group>"; };
		786B07672B924E8F000E425D /* homePageViewModel.swift */ = {isa = PBXFileReference; lastKnownFileType = sourcecode.swift; path = homePageViewModel.swift; sourceTree = "<group>"; };
		786B076A2B925601000E425D /* signupPageView.swift */ = {isa = PBXFileReference; lastKnownFileType = sourcecode.swift; path = signupPageView.swift; sourceTree = "<group>"; };
		786B076C2B927011000E425D /* Staging-Environment.xcconfig */ = {isa = PBXFileReference; lastKnownFileType = text.xcconfig; path = "Staging-Environment.xcconfig"; sourceTree = "<group>"; };
		786B07722B9271E1000E425D /* Environment.swift */ = {isa = PBXFileReference; lastKnownFileType = sourcecode.swift; path = Environment.swift; sourceTree = "<group>"; };
		786B07742B9276A6000E425D /* signupViewModel.swift */ = {isa = PBXFileReference; lastKnownFileType = sourcecode.swift; path = signupViewModel.swift; sourceTree = "<group>"; };
		786B07772B937671000E425D /* verifyPageView.swift */ = {isa = PBXFileReference; lastKnownFileType = sourcecode.swift; path = verifyPageView.swift; sourceTree = "<group>"; };
/* End PBXFileReference section */

/* Begin PBXFrameworksBuildPhase section */
		786B07202B922A85000E425D /* Frameworks */ = {
			isa = PBXFrameworksBuildPhase;
			buildActionMask = 2147483647;
			files = (
			);
			runOnlyForDeploymentPostprocessing = 0;
		};
		786B07302B922A86000E425D /* Frameworks */ = {
			isa = PBXFrameworksBuildPhase;
			buildActionMask = 2147483647;
			files = (
			);
			runOnlyForDeploymentPostprocessing = 0;
		};
		786B073A2B922A86000E425D /* Frameworks */ = {
			isa = PBXFrameworksBuildPhase;
			buildActionMask = 2147483647;
			files = (
			);
			runOnlyForDeploymentPostprocessing = 0;
		};
/* End PBXFrameworksBuildPhase section */

/* Begin PBXGroup section */
		786B071A2B922A85000E425D = {
			isa = PBXGroup;
			children = (
				786B07252B922A85000E425D /* ConnectEDU */,
				786B07362B922A86000E425D /* ConnectEDUTests */,
				786B07402B922A86000E425D /* ConnectEDUUITests */,
				786B07242B922A85000E425D /* Products */,
			);
			sourceTree = "<group>";
		};
		786B07242B922A85000E425D /* Products */ = {
			isa = PBXGroup;
			children = (
				786B07232B922A85000E425D /* ConnectEDU.app */,
				786B07332B922A86000E425D /* ConnectEDUTests.xctest */,
				786B073D2B922A86000E425D /* ConnectEDUUITests.xctest */,
			);
			name = Products;
			sourceTree = "<group>";
		};
		786B07252B922A85000E425D /* ConnectEDU */ = {
			isa = PBXGroup;
			children = (
				786B07712B9271C1000E425D /* Variables */,
				786B075E2B922FBA000E425D /* Components */,
				786B07592B922B45000E425D /* Extensions */,
				786B07502B922ABD000E425D /* Views */,
				786B07262B922A85000E425D /* ConnectEDUApp.swift */,
				786B07282B922A85000E425D /* ContentView.swift */,
				786B072A2B922A86000E425D /* Assets.xcassets */,
				786B072C2B922A86000E425D /* Preview Content */,
				786B076C2B927011000E425D /* Staging-Environment.xcconfig */,
			);
			path = ConnectEDU;
			sourceTree = "<group>";
		};
		786B072C2B922A86000E425D /* Preview Content */ = {
			isa = PBXGroup;
			children = (
				786B072D2B922A86000E425D /* Preview Assets.xcassets */,
			);
			path = "Preview Content";
			sourceTree = "<group>";
		};
		786B07362B922A86000E425D /* ConnectEDUTests */ = {
			isa = PBXGroup;
			children = (
				786B07372B922A86000E425D /* ConnectEDUTests.swift */,
			);
			path = ConnectEDUTests;
			sourceTree = "<group>";
		};
		786B07402B922A86000E425D /* ConnectEDUUITests */ = {
			isa = PBXGroup;
			children = (
				786B07412B922A86000E425D /* ConnectEDUUITests.swift */,
				786B07432B922A86000E425D /* ConnectEDUUITestsLaunchTests.swift */,
			);
			path = ConnectEDUUITests;
			sourceTree = "<group>";
		};
		786B07502B922ABD000E425D /* Views */ = {
			isa = PBXGroup;
			children = (
				786B07762B937661000E425D /* VerifyPage */,
				786B07692B9255F0000E425D /* SignupPage */,
				786B07562B922B09000E425D /* HomePage */,
				786B07512B922AC2000E425D /* LoginPage */,
			);
			path = Views;
			sourceTree = "<group>";
		};
		786B07512B922AC2000E425D /* LoginPage */ = {
			isa = PBXGroup;
			children = (
				786B07542B922AEE000E425D /* loginPageView.swift */,
				786B075C2B922E39000E425D /* loginViewModel.swift */,
			);
			path = LoginPage;
			sourceTree = "<group>";
		};
		786B07562B922B09000E425D /* HomePage */ = {
			isa = PBXGroup;
			children = (
				786B07572B922B1C000E425D /* homePageView.swift */,
				786B07672B924E8F000E425D /* homePageViewModel.swift */,
			);
			path = HomePage;
			sourceTree = "<group>";
		};
		786B07592B922B45000E425D /* Extensions */ = {
			isa = PBXGroup;
			children = (
				786B075A2B922B5E000E425D /* viewExtension.swift */,
				786B07652B923D1B000E425D /* stringExtension.swift */,
			);
			path = Extensions;
			sourceTree = "<group>";
		};
		786B075E2B922FBA000E425D /* Components */ = {
			isa = PBXGroup;
			children = (
				786B07622B923449000E425D /* UpperNavbarComp */,
			);
			path = Components;
			sourceTree = "<group>";
		};
		786B07622B923449000E425D /* UpperNavbarComp */ = {
			isa = PBXGroup;
			children = (
				786B07632B923461000E425D /* upperNavbarCompView.swift */,
			);
			path = UpperNavbarComp;
			sourceTree = "<group>";
		};
		786B07692B9255F0000E425D /* SignupPage */ = {
			isa = PBXGroup;
			children = (
				786B076A2B925601000E425D /* signupPageView.swift */,
				786B07742B9276A6000E425D /* signupViewModel.swift */,
			);
			path = SignupPage;
			sourceTree = "<group>";
		};
		786B07712B9271C1000E425D /* Variables */ = {
			isa = PBXGroup;
			children = (
				786B07722B9271E1000E425D /* Environment.swift */,
			);
			path = Variables;
			sourceTree = "<group>";
		};
		786B07762B937661000E425D /* VerifyPage */ = {
			isa = PBXGroup;
			children = (
				786B07772B937671000E425D /* verifyPageView.swift */,
			);
			path = VerifyPage;
			sourceTree = "<group>";
		};
/* End PBXGroup section */

/* Begin PBXNativeTarget section */
		786B07222B922A85000E425D /* ConnectEDU */ = {
			isa = PBXNativeTarget;
			buildConfigurationList = 786B07472B922A86000E425D /* Build configuration list for PBXNativeTarget "ConnectEDU" */;
			buildPhases = (
				786B071F2B922A85000E425D /* Sources */,
				786B07202B922A85000E425D /* Frameworks */,
				786B07212B922A85000E425D /* Resources */,
			);
			buildRules = (
			);
			dependencies = (
			);
			name = ConnectEDU;
			productName = ConnectEDU;
			productReference = 786B07232B922A85000E425D /* ConnectEDU.app */;
			productType = "com.apple.product-type.application";
		};
		786B07322B922A86000E425D /* ConnectEDUTests */ = {
			isa = PBXNativeTarget;
			buildConfigurationList = 786B074A2B922A86000E425D /* Build configuration list for PBXNativeTarget "ConnectEDUTests" */;
			buildPhases = (
				786B072F2B922A86000E425D /* Sources */,
				786B07302B922A86000E425D /* Frameworks */,
				786B07312B922A86000E425D /* Resources */,
			);
			buildRules = (
			);
			dependencies = (
				786B07352B922A86000E425D /* PBXTargetDependency */,
			);
			name = ConnectEDUTests;
			productName = ConnectEDUTests;
			productReference = 786B07332B922A86000E425D /* ConnectEDUTests.xctest */;
			productType = "com.apple.product-type.bundle.unit-test";
		};
		786B073C2B922A86000E425D /* ConnectEDUUITests */ = {
			isa = PBXNativeTarget;
			buildConfigurationList = 786B074D2B922A86000E425D /* Build configuration list for PBXNativeTarget "ConnectEDUUITests" */;
			buildPhases = (
				786B07392B922A86000E425D /* Sources */,
				786B073A2B922A86000E425D /* Frameworks */,
				786B073B2B922A86000E425D /* Resources */,
			);
			buildRules = (
			);
			dependencies = (
				786B073F2B922A86000E425D /* PBXTargetDependency */,
			);
			name = ConnectEDUUITests;
			productName = ConnectEDUUITests;
			productReference = 786B073D2B922A86000E425D /* ConnectEDUUITests.xctest */;
			productType = "com.apple.product-type.bundle.ui-testing";
		};
/* End PBXNativeTarget section */

/* Begin PBXProject section */
		786B071B2B922A85000E425D /* Project object */ = {
			isa = PBXProject;
			attributes = {
				BuildIndependentTargetsInParallel = 1;
				LastSwiftUpdateCheck = 1520;
				LastUpgradeCheck = 1520;
				TargetAttributes = {
					786B07222B922A85000E425D = {
						CreatedOnToolsVersion = 15.2;
					};
					786B07322B922A86000E425D = {
						CreatedOnToolsVersion = 15.2;
						TestTargetID = 786B07222B922A85000E425D;
					};
					786B073C2B922A86000E425D = {
						CreatedOnToolsVersion = 15.2;
						TestTargetID = 786B07222B922A85000E425D;
					};
				};
			};
			buildConfigurationList = 786B071E2B922A85000E425D /* Build configuration list for PBXProject "ConnectEDU" */;
			compatibilityVersion = "Xcode 14.0";
			developmentRegion = en;
			hasScannedForEncodings = 0;
			knownRegions = (
				en,
				Base,
			);
			mainGroup = 786B071A2B922A85000E425D;
			productRefGroup = 786B07242B922A85000E425D /* Products */;
			projectDirPath = "";
			projectRoot = "";
			targets = (
				786B07222B922A85000E425D /* ConnectEDU */,
				786B07322B922A86000E425D /* ConnectEDUTests */,
				786B073C2B922A86000E425D /* ConnectEDUUITests */,
			);
		};
/* End PBXProject section */

/* Begin PBXResourcesBuildPhase section */
		786B07212B922A85000E425D /* Resources */ = {
			isa = PBXResourcesBuildPhase;
			buildActionMask = 2147483647;
			files = (
				786B072E2B922A86000E425D /* Preview Assets.xcassets in Resources */,
				786B072B2B922A86000E425D /* Assets.xcassets in Resources */,
			);
			runOnlyForDeploymentPostprocessing = 0;
		};
		786B07312B922A86000E425D /* Resources */ = {
			isa = PBXResourcesBuildPhase;
			buildActionMask = 2147483647;
			files = (
			);
			runOnlyForDeploymentPostprocessing = 0;
		};
		786B073B2B922A86000E425D /* Resources */ = {
			isa = PBXResourcesBuildPhase;
			buildActionMask = 2147483647;
			files = (
			);
			runOnlyForDeploymentPostprocessing = 0;
		};
/* End PBXResourcesBuildPhase section */

/* Begin PBXSourcesBuildPhase section */
		786B071F2B922A85000E425D /* Sources */ = {
			isa = PBXSourcesBuildPhase;
			buildActionMask = 2147483647;
			files = (
				786B07292B922A85000E425D /* ContentView.swift in Sources */,
				786B07552B922AEE000E425D /* loginPageView.swift in Sources */,
				786B07752B9276A6000E425D /* signupViewModel.swift in Sources */,
				786B075D2B922E39000E425D /* loginViewModel.swift in Sources */,
				786B076B2B925601000E425D /* signupPageView.swift in Sources */,
				786B07582B922B1C000E425D /* homePageView.swift in Sources */,
				786B07662B923D1B000E425D /* stringExtension.swift in Sources */,
				786B07642B923461000E425D /* upperNavbarCompView.swift in Sources */,
				786B07782B937671000E425D /* verifyPageView.swift in Sources */,
				786B07732B9271E1000E425D /* Environment.swift in Sources */,
				786B07682B924E8F000E425D /* homePageViewModel.swift in Sources */,
				786B07272B922A85000E425D /* ConnectEDUApp.swift in Sources */,
				786B075B2B922B5E000E425D /* viewExtension.swift in Sources */,
			);
			runOnlyForDeploymentPostprocessing = 0;
		};
		786B072F2B922A86000E425D /* Sources */ = {
			isa = PBXSourcesBuildPhase;
			buildActionMask = 2147483647;
			files = (
				786B07382B922A86000E425D /* ConnectEDUTests.swift in Sources */,
			);
			runOnlyForDeploymentPostprocessing = 0;
		};
		786B07392B922A86000E425D /* Sources */ = {
			isa = PBXSourcesBuildPhase;
			buildActionMask = 2147483647;
			files = (
				786B07442B922A86000E425D /* ConnectEDUUITestsLaunchTests.swift in Sources */,
				786B07422B922A86000E425D /* ConnectEDUUITests.swift in Sources */,
			);
			runOnlyForDeploymentPostprocessing = 0;
		};
/* End PBXSourcesBuildPhase section */

/* Begin PBXTargetDependency section */
		786B07352B922A86000E425D /* PBXTargetDependency */ = {
			isa = PBXTargetDependency;
			target = 786B07222B922A85000E425D /* ConnectEDU */;
			targetProxy = 786B07342B922A86000E425D /* PBXContainerItemProxy */;
		};
		786B073F2B922A86000E425D /* PBXTargetDependency */ = {
			isa = PBXTargetDependency;
			target = 786B07222B922A85000E425D /* ConnectEDU */;
			targetProxy = 786B073E2B922A86000E425D /* PBXContainerItemProxy */;
		};
/* End PBXTargetDependency section */

/* Begin XCBuildConfiguration section */
		786B07452B922A86000E425D /* Debug */ = {
			isa = XCBuildConfiguration;
			baseConfigurationReference = 786B076C2B927011000E425D /* Staging-Environment.xcconfig */;
			buildSettings = {
				ALWAYS_SEARCH_USER_PATHS = NO;
				ASSETCATALOG_COMPILER_GENERATE_SWIFT_ASSET_SYMBOL_EXTENSIONS = YES;
				CLANG_ANALYZER_NONNULL = YES;
				CLANG_ANALYZER_NUMBER_OBJECT_CONVERSION = YES_AGGRESSIVE;
				CLANG_CXX_LANGUAGE_STANDARD = "gnu++20";
				CLANG_ENABLE_MODULES = YES;
				CLANG_ENABLE_OBJC_ARC = YES;
				CLANG_ENABLE_OBJC_WEAK = YES;
				CLANG_WARN_BLOCK_CAPTURE_AUTORELEASING = YES;
				CLANG_WARN_BOOL_CONVERSION = YES;
				CLANG_WARN_COMMA = YES;
				CLANG_WARN_CONSTANT_CONVERSION = YES;
				CLANG_WARN_DEPRECATED_OBJC_IMPLEMENTATIONS = YES;
				CLANG_WARN_DIRECT_OBJC_ISA_USAGE = YES_ERROR;
				CLANG_WARN_DOCUMENTATION_COMMENTS = YES;
				CLANG_WARN_EMPTY_BODY = YES;
				CLANG_WARN_ENUM_CONVERSION = YES;
				CLANG_WARN_INFINITE_RECURSION = YES;
				CLANG_WARN_INT_CONVERSION = YES;
				CLANG_WARN_NON_LITERAL_NULL_CONVERSION = YES;
				CLANG_WARN_OBJC_IMPLICIT_RETAIN_SELF = YES;
				CLANG_WARN_OBJC_LITERAL_CONVERSION = YES;
				CLANG_WARN_OBJC_ROOT_CLASS = YES_ERROR;
				CLANG_WARN_QUOTED_INCLUDE_IN_FRAMEWORK_HEADER = YES;
				CLANG_WARN_RANGE_LOOP_ANALYSIS = YES;
				CLANG_WARN_STRICT_PROTOTYPES = YES;
				CLANG_WARN_SUSPICIOUS_MOVE = YES;
				CLANG_WARN_UNGUARDED_AVAILABILITY = YES_AGGRESSIVE;
				CLANG_WARN_UNREACHABLE_CODE = YES;
				CLANG_WARN__DUPLICATE_METHOD_MATCH = YES;
				COPY_PHASE_STRIP = NO;
				DEBUG_INFORMATION_FORMAT = dwarf;
				ENABLE_STRICT_OBJC_MSGSEND = YES;
				ENABLE_TESTABILITY = YES;
				ENABLE_USER_SCRIPT_SANDBOXING = YES;
				GCC_C_LANGUAGE_STANDARD = gnu17;
				GCC_DYNAMIC_NO_PIC = NO;
				GCC_NO_COMMON_BLOCKS = YES;
				GCC_OPTIMIZATION_LEVEL = 0;
				GCC_PREPROCESSOR_DEFINITIONS = (
					"DEBUG=1",
					"$(inherited)",
				);
				GCC_WARN_64_TO_32_BIT_CONVERSION = YES;
				GCC_WARN_ABOUT_RETURN_TYPE = YES_ERROR;
				GCC_WARN_UNDECLARED_SELECTOR = YES;
				GCC_WARN_UNINITIALIZED_AUTOS = YES_AGGRESSIVE;
				GCC_WARN_UNUSED_FUNCTION = YES;
				GCC_WARN_UNUSED_VARIABLE = YES;
				IPHONEOS_DEPLOYMENT_TARGET = 17.2;
				LOCALIZATION_PREFERS_STRING_CATALOGS = YES;
				MTL_ENABLE_DEBUG_INFO = INCLUDE_SOURCE;
				MTL_FAST_MATH = YES;
				ONLY_ACTIVE_ARCH = YES;
				SDKROOT = iphoneos;
				SWIFT_ACTIVE_COMPILATION_CONDITIONS = "DEBUG $(inherited)";
				SWIFT_OPTIMIZATION_LEVEL = "-Onone";
			};
			name = Debug;
		};
		786B07462B922A86000E425D /* Release */ = {
			isa = XCBuildConfiguration;
			buildSettings = {
				ALWAYS_SEARCH_USER_PATHS = NO;
				ASSETCATALOG_COMPILER_GENERATE_SWIFT_ASSET_SYMBOL_EXTENSIONS = YES;
				CLANG_ANALYZER_NONNULL = YES;
				CLANG_ANALYZER_NUMBER_OBJECT_CONVERSION = YES_AGGRESSIVE;
				CLANG_CXX_LANGUAGE_STANDARD = "gnu++20";
				CLANG_ENABLE_MODULES = YES;
				CLANG_ENABLE_OBJC_ARC = YES;
				CLANG_ENABLE_OBJC_WEAK = YES;
				CLANG_WARN_BLOCK_CAPTURE_AUTORELEASING = YES;
				CLANG_WARN_BOOL_CONVERSION = YES;
				CLANG_WARN_COMMA = YES;
				CLANG_WARN_CONSTANT_CONVERSION = YES;
				CLANG_WARN_DEPRECATED_OBJC_IMPLEMENTATIONS = YES;
				CLANG_WARN_DIRECT_OBJC_ISA_USAGE = YES_ERROR;
				CLANG_WARN_DOCUMENTATION_COMMENTS = YES;
				CLANG_WARN_EMPTY_BODY = YES;
				CLANG_WARN_ENUM_CONVERSION = YES;
				CLANG_WARN_INFINITE_RECURSION = YES;
				CLANG_WARN_INT_CONVERSION = YES;
				CLANG_WARN_NON_LITERAL_NULL_CONVERSION = YES;
				CLANG_WARN_OBJC_IMPLICIT_RETAIN_SELF = YES;
				CLANG_WARN_OBJC_LITERAL_CONVERSION = YES;
				CLANG_WARN_OBJC_ROOT_CLASS = YES_ERROR;
				CLANG_WARN_QUOTED_INCLUDE_IN_FRAMEWORK_HEADER = YES;
				CLANG_WARN_RANGE_LOOP_ANALYSIS = YES;
				CLANG_WARN_STRICT_PROTOTYPES = YES;
				CLANG_WARN_SUSPICIOUS_MOVE = YES;
				CLANG_WARN_UNGUARDED_AVAILABILITY = YES_AGGRESSIVE;
				CLANG_WARN_UNREACHABLE_CODE = YES;
				CLANG_WARN__DUPLICATE_METHOD_MATCH = YES;
				COPY_PHASE_STRIP = NO;
				DEBUG_INFORMATION_FORMAT = "dwarf-with-dsym";
				ENABLE_NS_ASSERTIONS = NO;
				ENABLE_STRICT_OBJC_MSGSEND = YES;
				ENABLE_USER_SCRIPT_SANDBOXING = YES;
				GCC_C_LANGUAGE_STANDARD = gnu17;
				GCC_NO_COMMON_BLOCKS = YES;
				GCC_WARN_64_TO_32_BIT_CONVERSION = YES;
				GCC_WARN_ABOUT_RETURN_TYPE = YES_ERROR;
				GCC_WARN_UNDECLARED_SELECTOR = YES;
				GCC_WARN_UNINITIALIZED_AUTOS = YES_AGGRESSIVE;
				GCC_WARN_UNUSED_FUNCTION = YES;
				GCC_WARN_UNUSED_VARIABLE = YES;
				IPHONEOS_DEPLOYMENT_TARGET = 17.2;
				LOCALIZATION_PREFERS_STRING_CATALOGS = YES;
				MTL_ENABLE_DEBUG_INFO = NO;
				MTL_FAST_MATH = YES;
				SDKROOT = iphoneos;
				SWIFT_COMPILATION_MODE = wholemodule;
				VALIDATE_PRODUCT = YES;
			};
			name = Release;
		};
		786B07482B922A86000E425D /* Debug */ = {
			isa = XCBuildConfiguration;
			baseConfigurationReference = 786B076C2B927011000E425D /* Staging-Environment.xcconfig */;
			buildSettings = {
				ASSETCATALOG_COMPILER_APPICON_NAME = AppIcon;
				ASSETCATALOG_COMPILER_GLOBAL_ACCENT_COLOR_NAME = AccentColor;
				CODE_SIGN_STYLE = Automatic;
				CURRENT_PROJECT_VERSION = 1;
				DEVELOPMENT_ASSET_PATHS = "\"ConnectEDU/Preview Content\"";
				ENABLE_PREVIEWS = YES;
				GENERATE_INFOPLIST_FILE = YES;
				INFOPLIST_KEY_UIApplicationSceneManifest_Generation = YES;
				INFOPLIST_KEY_UIApplicationSupportsIndirectInputEvents = YES;
				INFOPLIST_KEY_UILaunchScreen_Generation = YES;
				INFOPLIST_KEY_UISupportedInterfaceOrientations_iPad = "UIInterfaceOrientationPortrait UIInterfaceOrientationPortraitUpsideDown UIInterfaceOrientationLandscapeLeft UIInterfaceOrientationLandscapeRight";
				INFOPLIST_KEY_UISupportedInterfaceOrientations_iPhone = "UIInterfaceOrientationPortrait UIInterfaceOrientationLandscapeLeft UIInterfaceOrientationLandscapeRight";
				LD_RUNPATH_SEARCH_PATHS = (
					"$(inherited)",
					"@executable_path/Frameworks",
				);
				MARKETING_VERSION = 1.0;
				PRODUCT_BUNDLE_IDENTIFIER = Bl2.ConnectEDU;
				PRODUCT_NAME = "$(TARGET_NAME)";
				SUPPORTED_PLATFORMS = "iphoneos iphonesimulator";
				SUPPORTS_MACCATALYST = NO;
				SUPPORTS_MAC_DESIGNED_FOR_IPHONE_IPAD = NO;
				SUPPORTS_XR_DESIGNED_FOR_IPHONE_IPAD = NO;
				SWIFT_EMIT_LOC_STRINGS = YES;
				SWIFT_VERSION = 5.0;
				TARGETED_DEVICE_FAMILY = "1,2";
			};
			name = Debug;
		};
		786B07492B922A86000E425D /* Release */ = {
			isa = XCBuildConfiguration;
			buildSettings = {
				ASSETCATALOG_COMPILER_APPICON_NAME = AppIcon;
				ASSETCATALOG_COMPILER_GLOBAL_ACCENT_COLOR_NAME = AccentColor;
				CODE_SIGN_STYLE = Automatic;
				CURRENT_PROJECT_VERSION = 1;
				DEVELOPMENT_ASSET_PATHS = "\"ConnectEDU/Preview Content\"";
				ENABLE_PREVIEWS = YES;
				GENERATE_INFOPLIST_FILE = YES;
				INFOPLIST_KEY_UIApplicationSceneManifest_Generation = YES;
				INFOPLIST_KEY_UIApplicationSupportsIndirectInputEvents = YES;
				INFOPLIST_KEY_UILaunchScreen_Generation = YES;
				INFOPLIST_KEY_UISupportedInterfaceOrientations_iPad = "UIInterfaceOrientationPortrait UIInterfaceOrientationPortraitUpsideDown UIInterfaceOrientationLandscapeLeft UIInterfaceOrientationLandscapeRight";
				INFOPLIST_KEY_UISupportedInterfaceOrientations_iPhone = "UIInterfaceOrientationPortrait UIInterfaceOrientationLandscapeLeft UIInterfaceOrientationLandscapeRight";
				LD_RUNPATH_SEARCH_PATHS = (
					"$(inherited)",
					"@executable_path/Frameworks",
				);
				MARKETING_VERSION = 1.0;
				PRODUCT_BUNDLE_IDENTIFIER = Bl2.ConnectEDU;
				PRODUCT_NAME = "$(TARGET_NAME)";
				SUPPORTED_PLATFORMS = "iphoneos iphonesimulator";
				SUPPORTS_MACCATALYST = NO;
				SUPPORTS_MAC_DESIGNED_FOR_IPHONE_IPAD = NO;
				SUPPORTS_XR_DESIGNED_FOR_IPHONE_IPAD = NO;
				SWIFT_EMIT_LOC_STRINGS = YES;
				SWIFT_VERSION = 5.0;
				TARGETED_DEVICE_FAMILY = "1,2";
			};
			name = Release;
		};
		786B074B2B922A86000E425D /* Debug */ = {
			isa = XCBuildConfiguration;
			buildSettings = {
				ALWAYS_EMBED_SWIFT_STANDARD_LIBRARIES = YES;
				BUNDLE_LOADER = "$(TEST_HOST)";
				CODE_SIGN_STYLE = Automatic;
				CURRENT_PROJECT_VERSION = 1;
				GENERATE_INFOPLIST_FILE = YES;
				IPHONEOS_DEPLOYMENT_TARGET = 17.2;
				MARKETING_VERSION = 1.0;
				PRODUCT_BUNDLE_IDENTIFIER = Bl2.ConnectEDUTests;
				PRODUCT_NAME = "$(TARGET_NAME)";
				SWIFT_EMIT_LOC_STRINGS = NO;
				SWIFT_VERSION = 5.0;
				TARGETED_DEVICE_FAMILY = "1,2";
				TEST_HOST = "$(BUILT_PRODUCTS_DIR)/ConnectEDU.app/$(BUNDLE_EXECUTABLE_FOLDER_PATH)/ConnectEDU";
			};
			name = Debug;
		};
		786B074C2B922A86000E425D /* Release */ = {
			isa = XCBuildConfiguration;
			buildSettings = {
				ALWAYS_EMBED_SWIFT_STANDARD_LIBRARIES = YES;
				BUNDLE_LOADER = "$(TEST_HOST)";
				CODE_SIGN_STYLE = Automatic;
				CURRENT_PROJECT_VERSION = 1;
				GENERATE_INFOPLIST_FILE = YES;
				IPHONEOS_DEPLOYMENT_TARGET = 17.2;
				MARKETING_VERSION = 1.0;
				PRODUCT_BUNDLE_IDENTIFIER = Bl2.ConnectEDUTests;
				PRODUCT_NAME = "$(TARGET_NAME)";
				SWIFT_EMIT_LOC_STRINGS = NO;
				SWIFT_VERSION = 5.0;
				TARGETED_DEVICE_FAMILY = "1,2";
				TEST_HOST = "$(BUILT_PRODUCTS_DIR)/ConnectEDU.app/$(BUNDLE_EXECUTABLE_FOLDER_PATH)/ConnectEDU";
			};
			name = Release;
		};
		786B074E2B922A86000E425D /* Debug */ = {
			isa = XCBuildConfiguration;
			buildSettings = {
				ALWAYS_EMBED_SWIFT_STANDARD_LIBRARIES = YES;
				CODE_SIGN_STYLE = Automatic;
				CURRENT_PROJECT_VERSION = 1;
				GENERATE_INFOPLIST_FILE = YES;
				MARKETING_VERSION = 1.0;
				PRODUCT_BUNDLE_IDENTIFIER = Bl2.ConnectEDUUITests;
				PRODUCT_NAME = "$(TARGET_NAME)";
				SWIFT_EMIT_LOC_STRINGS = NO;
				SWIFT_VERSION = 5.0;
				TARGETED_DEVICE_FAMILY = "1,2";
				TEST_TARGET_NAME = ConnectEDU;
			};
			name = Debug;
		};
		786B074F2B922A86000E425D /* Release */ = {
			isa = XCBuildConfiguration;
			buildSettings = {
				ALWAYS_EMBED_SWIFT_STANDARD_LIBRARIES = YES;
				CODE_SIGN_STYLE = Automatic;
				CURRENT_PROJECT_VERSION = 1;
				GENERATE_INFOPLIST_FILE = YES;
				MARKETING_VERSION = 1.0;
				PRODUCT_BUNDLE_IDENTIFIER = Bl2.ConnectEDUUITests;
				PRODUCT_NAME = "$(TARGET_NAME)";
				SWIFT_EMIT_LOC_STRINGS = NO;
				SWIFT_VERSION = 5.0;
				TARGETED_DEVICE_FAMILY = "1,2";
				TEST_TARGET_NAME = ConnectEDU;
			};
			name = Release;
		};
		786B076D2B927107000E425D /* Staging */ = {
			isa = XCBuildConfiguration;
			baseConfigurationReference = 786B076C2B927011000E425D /* Staging-Environment.xcconfig */;
			buildSettings = {
				ALWAYS_SEARCH_USER_PATHS = NO;
				ASSETCATALOG_COMPILER_GENERATE_SWIFT_ASSET_SYMBOL_EXTENSIONS = YES;
				CLANG_ANALYZER_NONNULL = YES;
				CLANG_ANALYZER_NUMBER_OBJECT_CONVERSION = YES_AGGRESSIVE;
				CLANG_CXX_LANGUAGE_STANDARD = "gnu++20";
				CLANG_ENABLE_MODULES = YES;
				CLANG_ENABLE_OBJC_ARC = YES;
				CLANG_ENABLE_OBJC_WEAK = YES;
				CLANG_WARN_BLOCK_CAPTURE_AUTORELEASING = YES;
				CLANG_WARN_BOOL_CONVERSION = YES;
				CLANG_WARN_COMMA = YES;
				CLANG_WARN_CONSTANT_CONVERSION = YES;
				CLANG_WARN_DEPRECATED_OBJC_IMPLEMENTATIONS = YES;
				CLANG_WARN_DIRECT_OBJC_ISA_USAGE = YES_ERROR;
				CLANG_WARN_DOCUMENTATION_COMMENTS = YES;
				CLANG_WARN_EMPTY_BODY = YES;
				CLANG_WARN_ENUM_CONVERSION = YES;
				CLANG_WARN_INFINITE_RECURSION = YES;
				CLANG_WARN_INT_CONVERSION = YES;
				CLANG_WARN_NON_LITERAL_NULL_CONVERSION = YES;
				CLANG_WARN_OBJC_IMPLICIT_RETAIN_SELF = YES;
				CLANG_WARN_OBJC_LITERAL_CONVERSION = YES;
				CLANG_WARN_OBJC_ROOT_CLASS = YES_ERROR;
				CLANG_WARN_QUOTED_INCLUDE_IN_FRAMEWORK_HEADER = YES;
				CLANG_WARN_RANGE_LOOP_ANALYSIS = YES;
				CLANG_WARN_STRICT_PROTOTYPES = YES;
				CLANG_WARN_SUSPICIOUS_MOVE = YES;
				CLANG_WARN_UNGUARDED_AVAILABILITY = YES_AGGRESSIVE;
				CLANG_WARN_UNREACHABLE_CODE = YES;
				CLANG_WARN__DUPLICATE_METHOD_MATCH = YES;
				COPY_PHASE_STRIP = NO;
				DEBUG_INFORMATION_FORMAT = dwarf;
				ENABLE_STRICT_OBJC_MSGSEND = YES;
				ENABLE_TESTABILITY = YES;
				ENABLE_USER_SCRIPT_SANDBOXING = YES;
				GCC_C_LANGUAGE_STANDARD = gnu17;
				GCC_DYNAMIC_NO_PIC = NO;
				GCC_NO_COMMON_BLOCKS = YES;
				GCC_OPTIMIZATION_LEVEL = 0;
				GCC_PREPROCESSOR_DEFINITIONS = (
					"DEBUG=1",
					"$(inherited)",
				);
				GCC_WARN_64_TO_32_BIT_CONVERSION = YES;
				GCC_WARN_ABOUT_RETURN_TYPE = YES_ERROR;
				GCC_WARN_UNDECLARED_SELECTOR = YES;
				GCC_WARN_UNINITIALIZED_AUTOS = YES_AGGRESSIVE;
				GCC_WARN_UNUSED_FUNCTION = YES;
				GCC_WARN_UNUSED_VARIABLE = YES;
				IPHONEOS_DEPLOYMENT_TARGET = 17.2;
				LOCALIZATION_PREFERS_STRING_CATALOGS = YES;
				MTL_ENABLE_DEBUG_INFO = INCLUDE_SOURCE;
				MTL_FAST_MATH = YES;
				ONLY_ACTIVE_ARCH = YES;
				SDKROOT = iphoneos;
				SWIFT_ACTIVE_COMPILATION_CONDITIONS = "DEBUG $(inherited)";
				SWIFT_OPTIMIZATION_LEVEL = "-Onone";
			};
			name = Staging;
		};
		786B076E2B927107000E425D /* Staging */ = {
			isa = XCBuildConfiguration;
			baseConfigurationReference = 786B076C2B927011000E425D /* Staging-Environment.xcconfig */;
			buildSettings = {
				ASSETCATALOG_COMPILER_APPICON_NAME = AppIcon;
				ASSETCATALOG_COMPILER_GLOBAL_ACCENT_COLOR_NAME = AccentColor;
				CODE_SIGN_STYLE = Automatic;
				CURRENT_PROJECT_VERSION = 1;
				DEVELOPMENT_ASSET_PATHS = "\"ConnectEDU/Preview Content\"";
				ENABLE_PREVIEWS = YES;
				GENERATE_INFOPLIST_FILE = YES;
				INFOPLIST_KEY_UIApplicationSceneManifest_Generation = YES;
				INFOPLIST_KEY_UIApplicationSupportsIndirectInputEvents = YES;
				INFOPLIST_KEY_UILaunchScreen_Generation = YES;
				INFOPLIST_KEY_UISupportedInterfaceOrientations_iPad = "UIInterfaceOrientationPortrait UIInterfaceOrientationPortraitUpsideDown UIInterfaceOrientationLandscapeLeft UIInterfaceOrientationLandscapeRight";
				INFOPLIST_KEY_UISupportedInterfaceOrientations_iPhone = "UIInterfaceOrientationPortrait UIInterfaceOrientationLandscapeLeft UIInterfaceOrientationLandscapeRight";
				LD_RUNPATH_SEARCH_PATHS = (
					"$(inherited)",
					"@executable_path/Frameworks",
				);
				MARKETING_VERSION = 1.0;
				PRODUCT_BUNDLE_IDENTIFIER = Bl2.ConnectEDU;
				PRODUCT_NAME = "$(TARGET_NAME)";
				SUPPORTED_PLATFORMS = "iphoneos iphonesimulator";
				SUPPORTS_MACCATALYST = NO;
				SUPPORTS_MAC_DESIGNED_FOR_IPHONE_IPAD = NO;
				SUPPORTS_XR_DESIGNED_FOR_IPHONE_IPAD = NO;
				SWIFT_EMIT_LOC_STRINGS = YES;
				SWIFT_VERSION = 5.0;
				TARGETED_DEVICE_FAMILY = "1,2";
			};
			name = Staging;
		};
		786B076F2B927107000E425D /* Staging */ = {
			isa = XCBuildConfiguration;
			buildSettings = {
				ALWAYS_EMBED_SWIFT_STANDARD_LIBRARIES = YES;
				BUNDLE_LOADER = "$(TEST_HOST)";
				CODE_SIGN_STYLE = Automatic;
				CURRENT_PROJECT_VERSION = 1;
				GENERATE_INFOPLIST_FILE = YES;
				IPHONEOS_DEPLOYMENT_TARGET = 17.2;
				MARKETING_VERSION = 1.0;
				PRODUCT_BUNDLE_IDENTIFIER = Bl2.ConnectEDUTests;
				PRODUCT_NAME = "$(TARGET_NAME)";
				SWIFT_EMIT_LOC_STRINGS = NO;
				SWIFT_VERSION = 5.0;
				TARGETED_DEVICE_FAMILY = "1,2";
				TEST_HOST = "$(BUILT_PRODUCTS_DIR)/ConnectEDU.app/$(BUNDLE_EXECUTABLE_FOLDER_PATH)/ConnectEDU";
			};
			name = Staging;
		};
		786B07702B927107000E425D /* Staging */ = {
			isa = XCBuildConfiguration;
			buildSettings = {
				ALWAYS_EMBED_SWIFT_STANDARD_LIBRARIES = YES;
				CODE_SIGN_STYLE = Automatic;
				CURRENT_PROJECT_VERSION = 1;
				GENERATE_INFOPLIST_FILE = YES;
				MARKETING_VERSION = 1.0;
				PRODUCT_BUNDLE_IDENTIFIER = Bl2.ConnectEDUUITests;
				PRODUCT_NAME = "$(TARGET_NAME)";
				SWIFT_EMIT_LOC_STRINGS = NO;
				SWIFT_VERSION = 5.0;
				TARGETED_DEVICE_FAMILY = "1,2";
				TEST_TARGET_NAME = ConnectEDU;
			};
			name = Staging;
		};
/* End XCBuildConfiguration section */

/* Begin XCConfigurationList section */
		786B071E2B922A85000E425D /* Build configuration list for PBXProject "ConnectEDU" */ = {
			isa = XCConfigurationList;
			buildConfigurations = (
				786B07452B922A86000E425D /* Debug */,
				786B076D2B927107000E425D /* Staging */,
				786B07462B922A86000E425D /* Release */,
			);
			defaultConfigurationIsVisible = 0;
			defaultConfigurationName = Release;
		};
		786B07472B922A86000E425D /* Build configuration list for PBXNativeTarget "ConnectEDU" */ = {
			isa = XCConfigurationList;
			buildConfigurations = (
				786B07482B922A86000E425D /* Debug */,
				786B076E2B927107000E425D /* Staging */,
				786B07492B922A86000E425D /* Release */,
			);
			defaultConfigurationIsVisible = 0;
			defaultConfigurationName = Release;
		};
		786B074A2B922A86000E425D /* Build configuration list for PBXNativeTarget "ConnectEDUTests" */ = {
			isa = XCConfigurationList;
			buildConfigurations = (
				786B074B2B922A86000E425D /* Debug */,
				786B076F2B927107000E425D /* Staging */,
				786B074C2B922A86000E425D /* Release */,
			);
			defaultConfigurationIsVisible = 0;
			defaultConfigurationName = Release;
		};
		786B074D2B922A86000E425D /* Build configuration list for PBXNativeTarget "ConnectEDUUITests" */ = {
			isa = XCConfigurationList;
			buildConfigurations = (
				786B074E2B922A86000E425D /* Debug */,
				786B07702B927107000E425D /* Staging */,
				786B074F2B922A86000E425D /* Release */,
			);
			defaultConfigurationIsVisible = 0;
			defaultConfigurationName = Release;
		};
/* End XCConfigurationList section */
	};
	rootObject = 786B071B2B922A85000E425D /* Project object */;
}
