// !$*UTF8*$!
{
	archiveVersion = 1;
	classes = {
	};
	objectVersion = 56;
	objects = {

/* Begin PBXBuildFile section */
		782155412B9966970090DB7A /* DevView.swift in Sources */ = {isa = PBXBuildFile; fileRef = 782155402B9966970090DB7A /* DevView.swift */; };
		782155432B9A0EE70090DB7A /* AuthBackground.swift in Sources */ = {isa = PBXBuildFile; fileRef = 782155422B9A0EE70090DB7A /* AuthBackground.swift */; };
		782155452B9A0FB30090DB7A /* UpperNav.swift in Sources */ = {isa = PBXBuildFile; fileRef = 782155442B9A0FB30090DB7A /* UpperNav.swift */; };
		782155472B9A11620090DB7A /* LowerNav.swift in Sources */ = {isa = PBXBuildFile; fileRef = 782155462B9A11620090DB7A /* LowerNav.swift */; };
		782155492B9A11910090DB7A /* ClubsView.swift in Sources */ = {isa = PBXBuildFile; fileRef = 782155482B9A11910090DB7A /* ClubsView.swift */; };
		7821554B2B9A119C0090DB7A /* RewardsView.swift in Sources */ = {isa = PBXBuildFile; fileRef = 7821554A2B9A119C0090DB7A /* RewardsView.swift */; };
		7821554D2B9A11A90090DB7A /* EventsView.swift in Sources */ = {isa = PBXBuildFile; fileRef = 7821554C2B9A11A90090DB7A /* EventsView.swift */; };
		7821554F2B9A16BE0090DB7A /* ProfileView.swift in Sources */ = {isa = PBXBuildFile; fileRef = 7821554E2B9A16BE0090DB7A /* ProfileView.swift */; };
		782155512B9A19050090DB7A /* Profile.swift in Sources */ = {isa = PBXBuildFile; fileRef = 782155502B9A19050090DB7A /* Profile.swift */; };
		782155532B9A25330090DB7A /* VerifyViewModel.swift in Sources */ = {isa = PBXBuildFile; fileRef = 782155522B9A25330090DB7A /* VerifyViewModel.swift */; };
		782155552B9A28860090DB7A /* VerifyView.swift in Sources */ = {isa = PBXBuildFile; fileRef = 782155542B9A28860090DB7A /* VerifyView.swift */; };
		783528492B98CD3F0027D26A /* MissingPointsView.swift in Sources */ = {isa = PBXBuildFile; fileRef = 783528482B98CD3F0027D26A /* MissingPointsView.swift */; };
		78692AF12B98E2F100BCA1E6 /* LoginView.swift in Sources */ = {isa = PBXBuildFile; fileRef = 78B7BDB62B94EBB000F36936 /* LoginView.swift */; };
		786B07272B922A85000E425D /* ConnectEDUApp.swift in Sources */ = {isa = PBXBuildFile; fileRef = 786B07262B922A85000E425D /* ConnectEDUApp.swift */; };
		786B07292B922A85000E425D /* ContentView.swift in Sources */ = {isa = PBXBuildFile; fileRef = 786B07282B922A85000E425D /* ContentView.swift */; };
		786B072B2B922A86000E425D /* Assets.xcassets in Resources */ = {isa = PBXBuildFile; fileRef = 786B072A2B922A86000E425D /* Assets.xcassets */; };
		786B072E2B922A86000E425D /* Preview Assets.xcassets in Resources */ = {isa = PBXBuildFile; fileRef = 786B072D2B922A86000E425D /* Preview Assets.xcassets */; };
		786B07382B922A86000E425D /* ConnectEDUTests.swift in Sources */ = {isa = PBXBuildFile; fileRef = 786B07372B922A86000E425D /* ConnectEDUTests.swift */; };
		786B07422B922A86000E425D /* ConnectEDUUITests.swift in Sources */ = {isa = PBXBuildFile; fileRef = 786B07412B922A86000E425D /* ConnectEDUUITests.swift */; };
		786B07442B922A86000E425D /* ConnectEDUUITestsLaunchTests.swift in Sources */ = {isa = PBXBuildFile; fileRef = 786B07432B922A86000E425D /* ConnectEDUUITestsLaunchTests.swift */; };
		78AC93692B9B70C900DFB57B /* ForgotPasswordView.swift in Sources */ = {isa = PBXBuildFile; fileRef = 78AC93682B9B70C900DFB57B /* ForgotPasswordView.swift */; };
		78AC936D2B9B756600DFB57B /* ForgotPasswordViewModel.swift in Sources */ = {isa = PBXBuildFile; fileRef = 78AC936C2B9B756600DFB57B /* ForgotPasswordViewModel.swift */; };
		78AC936F2B9B9DF900DFB57B /* AuthLogo.swift in Sources */ = {isa = PBXBuildFile; fileRef = 78AC936E2B9B9DF900DFB57B /* AuthLogo.swift */; };
		78B7BDA72B94E8C300F36936 /* User.swift in Sources */ = {isa = PBXBuildFile; fileRef = 78B7BDA62B94E8C300F36936 /* User.swift */; };
		78B7BDA92B94E9E700F36936 /* Endpoints.swift in Sources */ = {isa = PBXBuildFile; fileRef = 78B7BDA82B94E9E700F36936 /* Endpoints.swift */; };
		78B7BDAB2B94EA5C00F36936 /* APIClient.swift in Sources */ = {isa = PBXBuildFile; fileRef = 78B7BDAA2B94EA5C00F36936 /* APIClient.swift */; };
		78B7BDAF2B94EB2100F36936 /* Event.swift in Sources */ = {isa = PBXBuildFile; fileRef = 78B7BDAE2B94EB2100F36936 /* Event.swift */; };
		78B7BDB12B94EB3200F36936 /* Club.swift in Sources */ = {isa = PBXBuildFile; fileRef = 78B7BDB02B94EB3200F36936 /* Club.swift */; };
		78B7BDB32B94EB4200F36936 /* Reward.swift in Sources */ = {isa = PBXBuildFile; fileRef = 78B7BDB22B94EB4200F36936 /* Reward.swift */; };
		78B7BDB52B94EB9500F36936 /* LoginViewModel.swift in Sources */ = {isa = PBXBuildFile; fileRef = 78B7BDB42B94EB9500F36936 /* LoginViewModel.swift */; };
		78B7BDB92B94F19E00F36936 /* HomeView.swift in Sources */ = {isa = PBXBuildFile; fileRef = 78B7BDB82B94F19E00F36936 /* HomeView.swift */; };
		78B7BDBB2B94F30300F36936 /* KeychainService.swift in Sources */ = {isa = PBXBuildFile; fileRef = 78B7BDBA2B94F30300F36936 /* KeychainService.swift */; };
		78B7BDC02B9546E000F36936 /* StringExtension.swift in Sources */ = {isa = PBXBuildFile; fileRef = 78B7BDBF2B9546E000F36936 /* StringExtension.swift */; };
		78CDC3152B98E60900F8AAB3 /* EventView.swift in Sources */ = {isa = PBXBuildFile; fileRef = 78CDC3142B98E60900F8AAB3 /* EventView.swift */; };
		78E46DE12B9634EF00E7D7F4 /* HomeViewModel.swift in Sources */ = {isa = PBXBuildFile; fileRef = 78E46DE02B9634EF00E7D7F4 /* HomeViewModel.swift */; };
		78E46DE42B96435300E7D7F4 /* EventCard.swift in Sources */ = {isa = PBXBuildFile; fileRef = 78E46DE32B96435300E7D7F4 /* EventCard.swift */; };
		78E46DE82B967F8900E7D7F4 /* DateExtension.swift in Sources */ = {isa = PBXBuildFile; fileRef = 78E46DE72B967F8900E7D7F4 /* DateExtension.swift */; };
		78E46DEC2B9768E700E7D7F4 /* SignupView.swift in Sources */ = {isa = PBXBuildFile; fileRef = 78E46DEB2B9768E700E7D7F4 /* SignupView.swift */; };
		78E46DEE2B9768F400E7D7F4 /* SignupViewModel.swift in Sources */ = {isa = PBXBuildFile; fileRef = 78E46DED2B9768F400E7D7F4 /* SignupViewModel.swift */; };
		78E46DF22B97E2F500E7D7F4 /* ViewExtension.swift in Sources */ = {isa = PBXBuildFile; fileRef = 78E46DF12B97E2F500E7D7F4 /* ViewExtension.swift */; };
		78E46DF42B97EBD400E7D7F4 /* NavigationManager.swift in Sources */ = {isa = PBXBuildFile; fileRef = 78E46DF32B97EBD400E7D7F4 /* NavigationManager.swift */; };
/* End PBXBuildFile section */

/* Begin PBXContainerItemProxy section */
		786B07342B922A86000E425D /* PBXContainerItemProxy */ = {
			isa = PBXContainerItemProxy;
			containerPortal = 786B071B2B922A85000E425D /* Project object */;
			proxyType = 1;
			remoteGlobalIDString = 786B07222B922A85000E425D;
			remoteInfo = ConnectEDU;
		};
		786B073E2B922A86000E425D /* PBXContainerItemProxy */ = {
			isa = PBXContainerItemProxy;
			containerPortal = 786B071B2B922A85000E425D /* Project object */;
			proxyType = 1;
			remoteGlobalIDString = 786B07222B922A85000E425D;
			remoteInfo = ConnectEDU;
		};
/* End PBXContainerItemProxy section */

/* Begin PBXFileReference section */
		782155402B9966970090DB7A /* DevView.swift */ = {isa = PBXFileReference; lastKnownFileType = sourcecode.swift; path = DevView.swift; sourceTree = "<group>"; };
		782155422B9A0EE70090DB7A /* AuthBackground.swift */ = {isa = PBXFileReference; lastKnownFileType = sourcecode.swift; path = AuthBackground.swift; sourceTree = "<group>"; };
		782155442B9A0FB30090DB7A /* UpperNav.swift */ = {isa = PBXFileReference; lastKnownFileType = sourcecode.swift; path = UpperNav.swift; sourceTree = "<group>"; };
		782155462B9A11620090DB7A /* LowerNav.swift */ = {isa = PBXFileReference; lastKnownFileType = sourcecode.swift; path = LowerNav.swift; sourceTree = "<group>"; };
		782155482B9A11910090DB7A /* ClubsView.swift */ = {isa = PBXFileReference; lastKnownFileType = sourcecode.swift; path = ClubsView.swift; sourceTree = "<group>"; };
		7821554A2B9A119C0090DB7A /* RewardsView.swift */ = {isa = PBXFileReference; lastKnownFileType = sourcecode.swift; path = RewardsView.swift; sourceTree = "<group>"; };
		7821554C2B9A11A90090DB7A /* EventsView.swift */ = {isa = PBXFileReference; lastKnownFileType = sourcecode.swift; path = EventsView.swift; sourceTree = "<group>"; };
		7821554E2B9A16BE0090DB7A /* ProfileView.swift */ = {isa = PBXFileReference; lastKnownFileType = sourcecode.swift; path = ProfileView.swift; sourceTree = "<group>"; };
		782155502B9A19050090DB7A /* Profile.swift */ = {isa = PBXFileReference; lastKnownFileType = sourcecode.swift; path = Profile.swift; sourceTree = "<group>"; };
		782155522B9A25330090DB7A /* VerifyViewModel.swift */ = {isa = PBXFileReference; lastKnownFileType = sourcecode.swift; path = VerifyViewModel.swift; sourceTree = "<group>"; };
		782155542B9A28860090DB7A /* VerifyView.swift */ = {isa = PBXFileReference; lastKnownFileType = sourcecode.swift; path = VerifyView.swift; sourceTree = "<group>"; };
		783528482B98CD3F0027D26A /* MissingPointsView.swift */ = {isa = PBXFileReference; lastKnownFileType = sourcecode.swift; path = MissingPointsView.swift; sourceTree = "<group>"; };
		78692AEF2B98E21E00BCA1E6 /* Info.plist */ = {isa = PBXFileReference; lastKnownFileType = text.plist; path = Info.plist; sourceTree = "<group>"; };
		786B07232B922A85000E425D /* ConnectEDU.app */ = {isa = PBXFileReference; explicitFileType = wrapper.application; includeInIndex = 0; path = ConnectEDU.app; sourceTree = BUILT_PRODUCTS_DIR; };
		786B07262B922A85000E425D /* ConnectEDUApp.swift */ = {isa = PBXFileReference; lastKnownFileType = sourcecode.swift; path = ConnectEDUApp.swift; sourceTree = "<group>"; };
		786B07282B922A85000E425D /* ContentView.swift */ = {isa = PBXFileReference; lastKnownFileType = sourcecode.swift; path = ContentView.swift; sourceTree = "<group>"; };
		786B072A2B922A86000E425D /* Assets.xcassets */ = {isa = PBXFileReference; lastKnownFileType = folder.assetcatalog; path = Assets.xcassets; sourceTree = "<group>"; };
		786B072D2B922A86000E425D /* Preview Assets.xcassets */ = {isa = PBXFileReference; lastKnownFileType = folder.assetcatalog; path = "Preview Assets.xcassets"; sourceTree = "<group>"; };
		786B07332B922A86000E425D /* ConnectEDUTests.xctest */ = {isa = PBXFileReference; explicitFileType = wrapper.cfbundle; includeInIndex = 0; path = ConnectEDUTests.xctest; sourceTree = BUILT_PRODUCTS_DIR; };
		786B07372B922A86000E425D /* ConnectEDUTests.swift */ = {isa = PBXFileReference; lastKnownFileType = sourcecode.swift; path = ConnectEDUTests.swift; sourceTree = "<group>"; };
		786B073D2B922A86000E425D /* ConnectEDUUITests.xctest */ = {isa = PBXFileReference; explicitFileType = wrapper.cfbundle; includeInIndex = 0; path = ConnectEDUUITests.xctest; sourceTree = BUILT_PRODUCTS_DIR; };
		786B07412B922A86000E425D /* ConnectEDUUITests.swift */ = {isa = PBXFileReference; lastKnownFileType = sourcecode.swift; path = ConnectEDUUITests.swift; sourceTree = "<group>"; };
		786B07432B922A86000E425D /* ConnectEDUUITestsLaunchTests.swift */ = {isa = PBXFileReference; lastKnownFileType = sourcecode.swift; path = ConnectEDUUITestsLaunchTests.swift; sourceTree = "<group>"; };
		78AC93682B9B70C900DFB57B /* ForgotPasswordView.swift */ = {isa = PBXFileReference; lastKnownFileType = sourcecode.swift; path = ForgotPasswordView.swift; sourceTree = "<group>"; };
		78AC936C2B9B756600DFB57B /* ForgotPasswordViewModel.swift */ = {isa = PBXFileReference; lastKnownFileType = sourcecode.swift; path = ForgotPasswordViewModel.swift; sourceTree = "<group>"; };
		78AC936E2B9B9DF900DFB57B /* AuthLogo.swift */ = {isa = PBXFileReference; lastKnownFileType = sourcecode.swift; path = AuthLogo.swift; sourceTree = "<group>"; };
		78B7BDA62B94E8C300F36936 /* User.swift */ = {isa = PBXFileReference; lastKnownFileType = sourcecode.swift; path = User.swift; sourceTree = "<group>"; };
		78B7BDA82B94E9E700F36936 /* Endpoints.swift */ = {isa = PBXFileReference; lastKnownFileType = sourcecode.swift; path = Endpoints.swift; sourceTree = "<group>"; };
		78B7BDAA2B94EA5C00F36936 /* APIClient.swift */ = {isa = PBXFileReference; lastKnownFileType = sourcecode.swift; path = APIClient.swift; sourceTree = "<group>"; };
		78B7BDAE2B94EB2100F36936 /* Event.swift */ = {isa = PBXFileReference; lastKnownFileType = sourcecode.swift; path = Event.swift; sourceTree = "<group>"; };
		78B7BDB02B94EB3200F36936 /* Club.swift */ = {isa = PBXFileReference; lastKnownFileType = sourcecode.swift; path = Club.swift; sourceTree = "<group>"; };
		78B7BDB22B94EB4200F36936 /* Reward.swift */ = {isa = PBXFileReference; lastKnownFileType = sourcecode.swift; path = Reward.swift; sourceTree = "<group>"; };
		78B7BDB42B94EB9500F36936 /* LoginViewModel.swift */ = {isa = PBXFileReference; lastKnownFileType = sourcecode.swift; path = LoginViewModel.swift; sourceTree = "<group>"; };
		78B7BDB62B94EBB000F36936 /* LoginView.swift */ = {isa = PBXFileReference; lastKnownFileType = sourcecode.swift; path = LoginView.swift; sourceTree = "<group>"; };
		78B7BDB82B94F19E00F36936 /* HomeView.swift */ = {isa = PBXFileReference; lastKnownFileType = sourcecode.swift; path = HomeView.swift; sourceTree = "<group>"; };
		78B7BDBA2B94F30300F36936 /* KeychainService.swift */ = {isa = PBXFileReference; lastKnownFileType = sourcecode.swift; path = KeychainService.swift; sourceTree = "<group>"; };
		78B7BDBF2B9546E000F36936 /* StringExtension.swift */ = {isa = PBXFileReference; lastKnownFileType = sourcecode.swift; path = StringExtension.swift; sourceTree = "<group>"; };
		78CDC3142B98E60900F8AAB3 /* EventView.swift */ = {isa = PBXFileReference; lastKnownFileType = sourcecode.swift; path = EventView.swift; sourceTree = "<group>"; };
		78E46DE02B9634EF00E7D7F4 /* HomeViewModel.swift */ = {isa = PBXFileReference; lastKnownFileType = sourcecode.swift; path = HomeViewModel.swift; sourceTree = "<group>"; };
		78E46DE32B96435300E7D7F4 /* EventCard.swift */ = {isa = PBXFileReference; lastKnownFileType = sourcecode.swift; path = EventCard.swift; sourceTree = "<group>"; };
		78E46DE72B967F8900E7D7F4 /* DateExtension.swift */ = {isa = PBXFileReference; lastKnownFileType = sourcecode.swift; path = DateExtension.swift; sourceTree = "<group>"; };
		78E46DEB2B9768E700E7D7F4 /* SignupView.swift */ = {isa = PBXFileReference; lastKnownFileType = sourcecode.swift; path = SignupView.swift; sourceTree = "<group>"; };
		78E46DED2B9768F400E7D7F4 /* SignupViewModel.swift */ = {isa = PBXFileReference; lastKnownFileType = sourcecode.swift; path = SignupViewModel.swift; sourceTree = "<group>"; };
		78E46DF12B97E2F500E7D7F4 /* ViewExtension.swift */ = {isa = PBXFileReference; lastKnownFileType = sourcecode.swift; path = ViewExtension.swift; sourceTree = "<group>"; };
		78E46DF32B97EBD400E7D7F4 /* NavigationManager.swift */ = {isa = PBXFileReference; lastKnownFileType = sourcecode.swift; path = NavigationManager.swift; sourceTree = "<group>"; };
/* End PBXFileReference section */

/* Begin PBXFrameworksBuildPhase section */
		786B07202B922A85000E425D /* Frameworks */ = {
			isa = PBXFrameworksBuildPhase;
			buildActionMask = 2147483647;
			files = (
			);
			runOnlyForDeploymentPostprocessing = 0;
		};
		786B07302B922A86000E425D /* Frameworks */ = {
			isa = PBXFrameworksBuildPhase;
			buildActionMask = 2147483647;
			files = (
			);
			runOnlyForDeploymentPostprocessing = 0;
		};
		786B073A2B922A86000E425D /* Frameworks */ = {
			isa = PBXFrameworksBuildPhase;
			buildActionMask = 2147483647;
			files = (
			);
			runOnlyForDeploymentPostprocessing = 0;
		};
/* End PBXFrameworksBuildPhase section */

/* Begin PBXGroup section */
		786B071A2B922A85000E425D = {
			isa = PBXGroup;
			children = (
				786B07252B922A85000E425D /* ConnectEDU */,
				786B07362B922A86000E425D /* ConnectEDUTests */,
				786B07402B922A86000E425D /* ConnectEDUUITests */,
				786B07242B922A85000E425D /* Products */,
			);
			sourceTree = "<group>";
		};
		786B07242B922A85000E425D /* Products */ = {
			isa = PBXGroup;
			children = (
				786B07232B922A85000E425D /* ConnectEDU.app */,
				786B07332B922A86000E425D /* ConnectEDUTests.xctest */,
				786B073D2B922A86000E425D /* ConnectEDUUITests.xctest */,
			);
			name = Products;
			sourceTree = "<group>";
		};
		786B07252B922A85000E425D /* ConnectEDU */ = {
			isa = PBXGroup;
			children = (
				78692AEF2B98E21E00BCA1E6 /* Info.plist */,
				78B7BDBE2B9546CB00F36936 /* Extensions */,
				78B7BDA02B94E78700F36936 /* Models */,
				78B7BDA12B94E79300F36936 /* Views */,
				78B7BDA22B94E79B00F36936 /* ViewModels */,
				78B7BDA32B94E7A300F36936 /* Networking */,
				78B7BDA42B94E7AC00F36936 /* Utilities */,
				78B7BDA52B94E7B500F36936 /* App */,
				786B072A2B922A86000E425D /* Assets.xcassets */,
				786B072C2B922A86000E425D /* Preview Content */,
			);
			path = ConnectEDU;
			sourceTree = "<group>";
		};
		786B072C2B922A86000E425D /* Preview Content */ = {
			isa = PBXGroup;
			children = (
				786B072D2B922A86000E425D /* Preview Assets.xcassets */,
			);
			path = "Preview Content";
			sourceTree = "<group>";
		};
		786B07362B922A86000E425D /* ConnectEDUTests */ = {
			isa = PBXGroup;
			children = (
				786B07372B922A86000E425D /* ConnectEDUTests.swift */,
			);
			path = ConnectEDUTests;
			sourceTree = "<group>";
		};
		786B07402B922A86000E425D /* ConnectEDUUITests */ = {
			isa = PBXGroup;
			children = (
				786B07412B922A86000E425D /* ConnectEDUUITests.swift */,
				786B07432B922A86000E425D /* ConnectEDUUITestsLaunchTests.swift */,
			);
			path = ConnectEDUUITests;
			sourceTree = "<group>";
		};
		78AC936A2B9B729100DFB57B /* Authentication */ = {
			isa = PBXGroup;
			children = (
				78B7BDB62B94EBB000F36936 /* LoginView.swift */,
				78E46DEB2B9768E700E7D7F4 /* SignupView.swift */,
				782155542B9A28860090DB7A /* VerifyView.swift */,
				78AC93682B9B70C900DFB57B /* ForgotPasswordView.swift */,
			);
			path = Authentication;
			sourceTree = "<group>";
		};
		78AC936B2B9B754E00DFB57B /* Authentication */ = {
			isa = PBXGroup;
			children = (
				78B7BDB42B94EB9500F36936 /* LoginViewModel.swift */,
				78E46DED2B9768F400E7D7F4 /* SignupViewModel.swift */,
				782155522B9A25330090DB7A /* VerifyViewModel.swift */,
				78AC936C2B9B756600DFB57B /* ForgotPasswordViewModel.swift */,
			);
			path = Authentication;
			sourceTree = "<group>";
		};
		78AC93702B9B9EF400DFB57B /* Authentication */ = {
			isa = PBXGroup;
			children = (
				782155422B9A0EE70090DB7A /* AuthBackground.swift */,
				78AC936E2B9B9DF900DFB57B /* AuthLogo.swift */,
			);
			path = Authentication;
			sourceTree = "<group>";
		};
		78B7BDA02B94E78700F36936 /* Models */ = {
			isa = PBXGroup;
			children = (
				78B7BDA62B94E8C300F36936 /* User.swift */,
				78B7BDAE2B94EB2100F36936 /* Event.swift */,
				78B7BDB02B94EB3200F36936 /* Club.swift */,
				78B7BDB22B94EB4200F36936 /* Reward.swift */,
				782155502B9A19050090DB7A /* Profile.swift */,
			);
			path = Models;
			sourceTree = "<group>";
		};
		78B7BDA12B94E79300F36936 /* Views */ = {
			isa = PBXGroup;
			children = (
				782155402B9966970090DB7A /* DevView.swift */,
				78E46DE22B96357100E7D7F4 /* Components */,
				78AC936A2B9B729100DFB57B /* Authentication */,
				78B7BDB82B94F19E00F36936 /* HomeView.swift */,
				783528482B98CD3F0027D26A /* MissingPointsView.swift */,
				7821554E2B9A16BE0090DB7A /* ProfileView.swift */,
				782155482B9A11910090DB7A /* ClubsView.swift */,
				7821554C2B9A11A90090DB7A /* EventsView.swift */,
				78CDC3142B98E60900F8AAB3 /* EventView.swift */,
				7821554A2B9A119C0090DB7A /* RewardsView.swift */,
			);
			path = Views;
			sourceTree = "<group>";
		};
		78B7BDA22B94E79B00F36936 /* ViewModels */ = {
			isa = PBXGroup;
			children = (
				78AC936B2B9B754E00DFB57B /* Authentication */,
				78E46DE02B9634EF00E7D7F4 /* HomeViewModel.swift */,
			);
			path = ViewModels;
			sourceTree = "<group>";
		};
		78B7BDA32B94E7A300F36936 /* Networking */ = {
			isa = PBXGroup;
			children = (
				78B7BDA82B94E9E700F36936 /* Endpoints.swift */,
				78B7BDAA2B94EA5C00F36936 /* APIClient.swift */,
			);
			path = Networking;
			sourceTree = "<group>";
		};
		78B7BDA42B94E7AC00F36936 /* Utilities */ = {
			isa = PBXGroup;
			children = (
				78B7BDBA2B94F30300F36936 /* KeychainService.swift */,
				78E46DF32B97EBD400E7D7F4 /* NavigationManager.swift */,
			);
			path = Utilities;
			sourceTree = "<group>";
		};
		78B7BDA52B94E7B500F36936 /* App */ = {
			isa = PBXGroup;
			children = (
				786B07262B922A85000E425D /* ConnectEDUApp.swift */,
				786B07282B922A85000E425D /* ContentView.swift */,
			);
			path = App;
			sourceTree = "<group>";
		};
		78B7BDBE2B9546CB00F36936 /* Extensions */ = {
			isa = PBXGroup;
			children = (
				78B7BDBF2B9546E000F36936 /* StringExtension.swift */,
				78E46DE72B967F8900E7D7F4 /* DateExtension.swift */,
				78E46DF12B97E2F500E7D7F4 /* ViewExtension.swift */,
			);
			path = Extensions;
			sourceTree = "<group>";
		};
		78E46DE22B96357100E7D7F4 /* Components */ = {
			isa = PBXGroup;
			children = (
				78AC93702B9B9EF400DFB57B /* Authentication */,
				78E46DE32B96435300E7D7F4 /* EventCard.swift */,
				782155442B9A0FB30090DB7A /* UpperNav.swift */,
				782155462B9A11620090DB7A /* LowerNav.swift */,
			);
			path = Components;
			sourceTree = "<group>";
		};
/* End PBXGroup section */

/* Begin PBXNativeTarget section */
		786B07222B922A85000E425D /* ConnectEDU */ = {
			isa = PBXNativeTarget;
			buildConfigurationList = 786B07472B922A86000E425D /* Build configuration list for PBXNativeTarget "ConnectEDU" */;
			buildPhases = (
				786B071F2B922A85000E425D /* Sources */,
				786B07202B922A85000E425D /* Frameworks */,
				786B07212B922A85000E425D /* Resources */,
				78CDC31B2B995EB700F8AAB3 /* ShellScript */,
			);
			buildRules = (
			);
			dependencies = (
			);
			name = ConnectEDU;
			productName = ConnectEDU;
			productReference = 786B07232B922A85000E425D /* ConnectEDU.app */;
			productType = "com.apple.product-type.application";
		};
		786B07322B922A86000E425D /* ConnectEDUTests */ = {
			isa = PBXNativeTarget;
			buildConfigurationList = 786B074A2B922A86000E425D /* Build configuration list for PBXNativeTarget "ConnectEDUTests" */;
			buildPhases = (
				786B072F2B922A86000E425D /* Sources */,
				786B07302B922A86000E425D /* Frameworks */,
				786B07312B922A86000E425D /* Resources */,
			);
			buildRules = (
			);
			dependencies = (
				786B07352B922A86000E425D /* PBXTargetDependency */,
			);
			name = ConnectEDUTests;
			productName = ConnectEDUTests;
			productReference = 786B07332B922A86000E425D /* ConnectEDUTests.xctest */;
			productType = "com.apple.product-type.bundle.unit-test";
		};
		786B073C2B922A86000E425D /* ConnectEDUUITests */ = {
			isa = PBXNativeTarget;
			buildConfigurationList = 786B074D2B922A86000E425D /* Build configuration list for PBXNativeTarget "ConnectEDUUITests" */;
			buildPhases = (
				786B07392B922A86000E425D /* Sources */,
				786B073A2B922A86000E425D /* Frameworks */,
				786B073B2B922A86000E425D /* Resources */,
			);
			buildRules = (
			);
			dependencies = (
				786B073F2B922A86000E425D /* PBXTargetDependency */,
			);
			name = ConnectEDUUITests;
			productName = ConnectEDUUITests;
			productReference = 786B073D2B922A86000E425D /* ConnectEDUUITests.xctest */;
			productType = "com.apple.product-type.bundle.ui-testing";
		};
/* End PBXNativeTarget section */

/* Begin PBXProject section */
		786B071B2B922A85000E425D /* Project object */ = {
			isa = PBXProject;
			attributes = {
				BuildIndependentTargetsInParallel = 1;
				LastSwiftUpdateCheck = 1520;
				LastUpgradeCheck = 1520;
				TargetAttributes = {
					786B07222B922A85000E425D = {
						CreatedOnToolsVersion = 15.2;
					};
					786B07322B922A86000E425D = {
						CreatedOnToolsVersion = 15.2;
						TestTargetID = 786B07222B922A85000E425D;
					};
					786B073C2B922A86000E425D = {
						CreatedOnToolsVersion = 15.2;
						TestTargetID = 786B07222B922A85000E425D;
					};
				};
			};
			buildConfigurationList = 786B071E2B922A85000E425D /* Build configuration list for PBXProject "ConnectEDU" */;
			compatibilityVersion = "Xcode 14.0";
			developmentRegion = en;
			hasScannedForEncodings = 0;
			knownRegions = (
				en,
				Base,
			);
			mainGroup = 786B071A2B922A85000E425D;
			productRefGroup = 786B07242B922A85000E425D /* Products */;
			projectDirPath = "";
			projectRoot = "";
			targets = (
				786B07222B922A85000E425D /* ConnectEDU */,
				786B07322B922A86000E425D /* ConnectEDUTests */,
				786B073C2B922A86000E425D /* ConnectEDUUITests */,
			);
		};
/* End PBXProject section */

/* Begin PBXResourcesBuildPhase section */
		786B07212B922A85000E425D /* Resources */ = {
			isa = PBXResourcesBuildPhase;
			buildActionMask = 2147483647;
			files = (
				786B072E2B922A86000E425D /* Preview Assets.xcassets in Resources */,
				786B072B2B922A86000E425D /* Assets.xcassets in Resources */,
			);
			runOnlyForDeploymentPostprocessing = 0;
		};
		786B07312B922A86000E425D /* Resources */ = {
			isa = PBXResourcesBuildPhase;
			buildActionMask = 2147483647;
			files = (
			);
			runOnlyForDeploymentPostprocessing = 0;
		};
		786B073B2B922A86000E425D /* Resources */ = {
			isa = PBXResourcesBuildPhase;
			buildActionMask = 2147483647;
			files = (
			);
			runOnlyForDeploymentPostprocessing = 0;
		};
/* End PBXResourcesBuildPhase section */

/* Begin PBXShellScriptBuildPhase section */
		78CDC31B2B995EB700F8AAB3 /* ShellScript */ = {
			isa = PBXShellScriptBuildPhase;
			alwaysOutOfDate = 1;
			buildActionMask = 2147483647;
			files = (
			);
			inputFileListPaths = (
			);
			inputPaths = (
			);
			outputFileListPaths = (
			);
			outputPaths = (
			);
			runOnlyForDeploymentPostprocessing = 0;
			shellPath = /bin/sh;
			shellScript = "# Type a script or drag a script file from your workspace to insert its path.\nif which swiftformat >/dev/null; then\n  swiftformat --config .swiftformat \"${SRCROOT}\"\nelse\n  echo \"warning: SwiftFormat not installed, download from https://github.com/nicklockwood/SwiftFormat\"\nfi\n";
		};
/* End PBXShellScriptBuildPhase section */

/* Begin PBXSourcesBuildPhase section */
		786B071F2B922A85000E425D /* Sources */ = {
			isa = PBXSourcesBuildPhase;
			buildActionMask = 2147483647;
			files = (
				782155452B9A0FB30090DB7A /* UpperNav.swift in Sources */,
				7821554B2B9A119C0090DB7A /* RewardsView.swift in Sources */,
				78E46DEE2B9768F400E7D7F4 /* SignupViewModel.swift in Sources */,
				782155492B9A11910090DB7A /* ClubsView.swift in Sources */,
				78AC936F2B9B9DF900DFB57B /* AuthLogo.swift in Sources */,
				782155472B9A11620090DB7A /* LowerNav.swift in Sources */,
				78B7BDB32B94EB4200F36936 /* Reward.swift in Sources */,
				78E46DF42B97EBD400E7D7F4 /* NavigationManager.swift in Sources */,
				786B07292B922A85000E425D /* ContentView.swift in Sources */,
				78692AF12B98E2F100BCA1E6 /* LoginView.swift in Sources */,
				782155552B9A28860090DB7A /* VerifyView.swift in Sources */,
				786B07272B922A85000E425D /* ConnectEDUApp.swift in Sources */,
				78B7BDB12B94EB3200F36936 /* Club.swift in Sources */,
				7821554D2B9A11A90090DB7A /* EventsView.swift in Sources */,
				783528492B98CD3F0027D26A /* MissingPointsView.swift in Sources */,
				78E46DE42B96435300E7D7F4 /* EventCard.swift in Sources */,
				78E46DEC2B9768E700E7D7F4 /* SignupView.swift in Sources */,
				782155432B9A0EE70090DB7A /* AuthBackground.swift in Sources */,
				78B7BDA92B94E9E700F36936 /* Endpoints.swift in Sources */,
				7821554F2B9A16BE0090DB7A /* ProfileView.swift in Sources */,
				782155532B9A25330090DB7A /* VerifyViewModel.swift in Sources */,
				78AC93692B9B70C900DFB57B /* ForgotPasswordView.swift in Sources */,
				78B7BDAB2B94EA5C00F36936 /* APIClient.swift in Sources */,
				78B7BDBB2B94F30300F36936 /* KeychainService.swift in Sources */,
				78CDC3152B98E60900F8AAB3 /* EventView.swift in Sources */,
				78B7BDC02B9546E000F36936 /* StringExtension.swift in Sources */,
				78E46DE82B967F8900E7D7F4 /* DateExtension.swift in Sources */,
				78B7BDAF2B94EB2100F36936 /* Event.swift in Sources */,
				782155512B9A19050090DB7A /* Profile.swift in Sources */,
				782155412B9966970090DB7A /* DevView.swift in Sources */,
				78E46DF22B97E2F500E7D7F4 /* ViewExtension.swift in Sources */,
				78E46DE12B9634EF00E7D7F4 /* HomeViewModel.swift in Sources */,
				78AC936D2B9B756600DFB57B /* ForgotPasswordViewModel.swift in Sources */,
				78B7BDB92B94F19E00F36936 /* HomeView.swift in Sources */,
				78B7BDB52B94EB9500F36936 /* LoginViewModel.swift in Sources */,
				78B7BDA72B94E8C300F36936 /* User.swift in Sources */,
			);
			runOnlyForDeploymentPostprocessing = 0;
		};
		786B072F2B922A86000E425D /* Sources */ = {
			isa = PBXSourcesBuildPhase;
			buildActionMask = 2147483647;
			files = (
				786B07382B922A86000E425D /* ConnectEDUTests.swift in Sources */,
			);
			runOnlyForDeploymentPostprocessing = 0;
		};
		786B07392B922A86000E425D /* Sources */ = {
			isa = PBXSourcesBuildPhase;
			buildActionMask = 2147483647;
			files = (
				786B07442B922A86000E425D /* ConnectEDUUITestsLaunchTests.swift in Sources */,
				786B07422B922A86000E425D /* ConnectEDUUITests.swift in Sources */,
			);
			runOnlyForDeploymentPostprocessing = 0;
		};
/* End PBXSourcesBuildPhase section */

/* Begin PBXTargetDependency section */
		786B07352B922A86000E425D /* PBXTargetDependency */ = {
			isa = PBXTargetDependency;
			target = 786B07222B922A85000E425D /* ConnectEDU */;
			targetProxy = 786B07342B922A86000E425D /* PBXContainerItemProxy */;
		};
		786B073F2B922A86000E425D /* PBXTargetDependency */ = {
			isa = PBXTargetDependency;
			target = 786B07222B922A85000E425D /* ConnectEDU */;
			targetProxy = 786B073E2B922A86000E425D /* PBXContainerItemProxy */;
		};
/* End PBXTargetDependency section */

/* Begin XCBuildConfiguration section */
		786B07452B922A86000E425D /* Debug */ = {
			isa = XCBuildConfiguration;
			buildSettings = {
				ALWAYS_SEARCH_USER_PATHS = NO;
				ASSETCATALOG_COMPILER_GENERATE_SWIFT_ASSET_SYMBOL_EXTENSIONS = YES;
				CLANG_ANALYZER_NONNULL = YES;
				CLANG_ANALYZER_NUMBER_OBJECT_CONVERSION = YES_AGGRESSIVE;
				CLANG_CXX_LANGUAGE_STANDARD = "gnu++20";
				CLANG_ENABLE_MODULES = YES;
				CLANG_ENABLE_OBJC_ARC = YES;
				CLANG_ENABLE_OBJC_WEAK = YES;
				CLANG_WARN_BLOCK_CAPTURE_AUTORELEASING = YES;
				CLANG_WARN_BOOL_CONVERSION = YES;
				CLANG_WARN_COMMA = YES;
				CLANG_WARN_CONSTANT_CONVERSION = YES;
				CLANG_WARN_DEPRECATED_OBJC_IMPLEMENTATIONS = YES;
				CLANG_WARN_DIRECT_OBJC_ISA_USAGE = YES_ERROR;
				CLANG_WARN_DOCUMENTATION_COMMENTS = YES;
				CLANG_WARN_EMPTY_BODY = YES;
				CLANG_WARN_ENUM_CONVERSION = YES;
				CLANG_WARN_INFINITE_RECURSION = YES;
				CLANG_WARN_INT_CONVERSION = YES;
				CLANG_WARN_NON_LITERAL_NULL_CONVERSION = YES;
				CLANG_WARN_OBJC_IMPLICIT_RETAIN_SELF = YES;
				CLANG_WARN_OBJC_LITERAL_CONVERSION = YES;
				CLANG_WARN_OBJC_ROOT_CLASS = YES_ERROR;
				CLANG_WARN_QUOTED_INCLUDE_IN_FRAMEWORK_HEADER = YES;
				CLANG_WARN_RANGE_LOOP_ANALYSIS = YES;
				CLANG_WARN_STRICT_PROTOTYPES = YES;
				CLANG_WARN_SUSPICIOUS_MOVE = YES;
				CLANG_WARN_UNGUARDED_AVAILABILITY = YES_AGGRESSIVE;
				CLANG_WARN_UNREACHABLE_CODE = YES;
				CLANG_WARN__DUPLICATE_METHOD_MATCH = YES;
				COPY_PHASE_STRIP = NO;
				DEBUG_INFORMATION_FORMAT = dwarf;
				ENABLE_STRICT_OBJC_MSGSEND = YES;
				ENABLE_TESTABILITY = YES;
				ENABLE_USER_SCRIPT_SANDBOXING = YES;
				GCC_C_LANGUAGE_STANDARD = gnu17;
				GCC_DYNAMIC_NO_PIC = NO;
				GCC_NO_COMMON_BLOCKS = YES;
				GCC_OPTIMIZATION_LEVEL = 0;
				GCC_PREPROCESSOR_DEFINITIONS = (
					"DEBUG=1",
					"$(inherited)",
				);
				GCC_WARN_64_TO_32_BIT_CONVERSION = YES;
				GCC_WARN_ABOUT_RETURN_TYPE = YES_ERROR;
				GCC_WARN_UNDECLARED_SELECTOR = YES;
				GCC_WARN_UNINITIALIZED_AUTOS = YES_AGGRESSIVE;
				GCC_WARN_UNUSED_FUNCTION = YES;
				GCC_WARN_UNUSED_VARIABLE = YES;
				IPHONEOS_DEPLOYMENT_TARGET = 17.2;
				LOCALIZATION_PREFERS_STRING_CATALOGS = YES;
				MTL_ENABLE_DEBUG_INFO = INCLUDE_SOURCE;
				MTL_FAST_MATH = YES;
				ONLY_ACTIVE_ARCH = YES;
				SDKROOT = iphoneos;
				SWIFT_ACTIVE_COMPILATION_CONDITIONS = "DEBUG $(inherited)";
				SWIFT_OPTIMIZATION_LEVEL = "-Onone";
			};
			name = Debug;
		};
		786B07462B922A86000E425D /* Release */ = {
			isa = XCBuildConfiguration;
			buildSettings = {
				ALWAYS_SEARCH_USER_PATHS = NO;
				ASSETCATALOG_COMPILER_GENERATE_SWIFT_ASSET_SYMBOL_EXTENSIONS = YES;
				CLANG_ANALYZER_NONNULL = YES;
				CLANG_ANALYZER_NUMBER_OBJECT_CONVERSION = YES_AGGRESSIVE;
				CLANG_CXX_LANGUAGE_STANDARD = "gnu++20";
				CLANG_ENABLE_MODULES = YES;
				CLANG_ENABLE_OBJC_ARC = YES;
				CLANG_ENABLE_OBJC_WEAK = YES;
				CLANG_WARN_BLOCK_CAPTURE_AUTORELEASING = YES;
				CLANG_WARN_BOOL_CONVERSION = YES;
				CLANG_WARN_COMMA = YES;
				CLANG_WARN_CONSTANT_CONVERSION = YES;
				CLANG_WARN_DEPRECATED_OBJC_IMPLEMENTATIONS = YES;
				CLANG_WARN_DIRECT_OBJC_ISA_USAGE = YES_ERROR;
				CLANG_WARN_DOCUMENTATION_COMMENTS = YES;
				CLANG_WARN_EMPTY_BODY = YES;
				CLANG_WARN_ENUM_CONVERSION = YES;
				CLANG_WARN_INFINITE_RECURSION = YES;
				CLANG_WARN_INT_CONVERSION = YES;
				CLANG_WARN_NON_LITERAL_NULL_CONVERSION = YES;
				CLANG_WARN_OBJC_IMPLICIT_RETAIN_SELF = YES;
				CLANG_WARN_OBJC_LITERAL_CONVERSION = YES;
				CLANG_WARN_OBJC_ROOT_CLASS = YES_ERROR;
				CLANG_WARN_QUOTED_INCLUDE_IN_FRAMEWORK_HEADER = YES;
				CLANG_WARN_RANGE_LOOP_ANALYSIS = YES;
				CLANG_WARN_STRICT_PROTOTYPES = YES;
				CLANG_WARN_SUSPICIOUS_MOVE = YES;
				CLANG_WARN_UNGUARDED_AVAILABILITY = YES_AGGRESSIVE;
				CLANG_WARN_UNREACHABLE_CODE = YES;
				CLANG_WARN__DUPLICATE_METHOD_MATCH = YES;
				COPY_PHASE_STRIP = NO;
				DEBUG_INFORMATION_FORMAT = "dwarf-with-dsym";
				ENABLE_NS_ASSERTIONS = NO;
				ENABLE_STRICT_OBJC_MSGSEND = YES;
				ENABLE_USER_SCRIPT_SANDBOXING = YES;
				GCC_C_LANGUAGE_STANDARD = gnu17;
				GCC_NO_COMMON_BLOCKS = YES;
				GCC_WARN_64_TO_32_BIT_CONVERSION = YES;
				GCC_WARN_ABOUT_RETURN_TYPE = YES_ERROR;
				GCC_WARN_UNDECLARED_SELECTOR = YES;
				GCC_WARN_UNINITIALIZED_AUTOS = YES_AGGRESSIVE;
				GCC_WARN_UNUSED_FUNCTION = YES;
				GCC_WARN_UNUSED_VARIABLE = YES;
				IPHONEOS_DEPLOYMENT_TARGET = 17.2;
				LOCALIZATION_PREFERS_STRING_CATALOGS = YES;
				MTL_ENABLE_DEBUG_INFO = NO;
				MTL_FAST_MATH = YES;
				SDKROOT = iphoneos;
				SWIFT_COMPILATION_MODE = wholemodule;
				VALIDATE_PRODUCT = YES;
			};
			name = Release;
		};
		786B07482B922A86000E425D /* Debug */ = {
			isa = XCBuildConfiguration;
			buildSettings = {
				ASSETCATALOG_COMPILER_APPICON_NAME = AppIcon;
				ASSETCATALOG_COMPILER_GLOBAL_ACCENT_COLOR_NAME = AccentColor;
				ASSETCATALOG_COMPILER_INCLUDE_ALL_APPICON_ASSETS = NO;
				CODE_SIGN_STYLE = Automatic;
				CURRENT_PROJECT_VERSION = 1;
				DEVELOPMENT_ASSET_PATHS = "ConnectEDU/Preview\\ Content";
				ENABLE_PREVIEWS = YES;
				GENERATE_INFOPLIST_FILE = YES;
				INFOPLIST_FILE = ConnectEDU/Info.plist;
				INFOPLIST_KEY_UIApplicationSceneManifest_Generation = YES;
				INFOPLIST_KEY_UIApplicationSupportsIndirectInputEvents = YES;
				INFOPLIST_KEY_UILaunchScreen_Generation = YES;
				INFOPLIST_KEY_UISupportedInterfaceOrientations = UIInterfaceOrientationPortrait;
				LD_RUNPATH_SEARCH_PATHS = (
					"$(inherited)",
					"@executable_path/Frameworks",
				);
				MARKETING_VERSION = 1.0;
				PRODUCT_BUNDLE_IDENTIFIER = Bl2.ConnectEDU;
				PRODUCT_NAME = "$(TARGET_NAME)";
				SUPPORTED_PLATFORMS = "iphoneos iphonesimulator";
				SUPPORTS_MACCATALYST = NO;
				SUPPORTS_MAC_DESIGNED_FOR_IPHONE_IPAD = YES;
				SUPPORTS_XR_DESIGNED_FOR_IPHONE_IPAD = YES;
				SWIFT_EMIT_LOC_STRINGS = YES;
				SWIFT_VERSION = 5.0;
				TARGETED_DEVICE_FAMILY = "1,2";
			};
			name = Debug;
		};
		786B07492B922A86000E425D /* Release */ = {
			isa = XCBuildConfiguration;
			buildSettings = {
				ASSETCATALOG_COMPILER_APPICON_NAME = AppIcon;
				ASSETCATALOG_COMPILER_GLOBAL_ACCENT_COLOR_NAME = AccentColor;
				ASSETCATALOG_COMPILER_INCLUDE_ALL_APPICON_ASSETS = NO;
				CODE_SIGN_STYLE = Automatic;
				CURRENT_PROJECT_VERSION = 1;
				DEVELOPMENT_ASSET_PATHS = "ConnectEDU/Preview\\ Content";
				ENABLE_PREVIEWS = YES;
				GENERATE_INFOPLIST_FILE = YES;
				INFOPLIST_FILE = ConnectEDU/Info.plist;
				INFOPLIST_KEY_UIApplicationSceneManifest_Generation = YES;
				INFOPLIST_KEY_UIApplicationSupportsIndirectInputEvents = YES;
				INFOPLIST_KEY_UILaunchScreen_Generation = YES;
				INFOPLIST_KEY_UISupportedInterfaceOrientations = UIInterfaceOrientationPortrait;
				LD_RUNPATH_SEARCH_PATHS = (
					"$(inherited)",
					"@executable_path/Frameworks",
				);
				MARKETING_VERSION = 1.0;
				PRODUCT_BUNDLE_IDENTIFIER = Bl2.ConnectEDU;
				PRODUCT_NAME = "$(TARGET_NAME)";
				SUPPORTED_PLATFORMS = "iphoneos iphonesimulator";
				SUPPORTS_MACCATALYST = NO;
				SUPPORTS_MAC_DESIGNED_FOR_IPHONE_IPAD = YES;
				SUPPORTS_XR_DESIGNED_FOR_IPHONE_IPAD = YES;
				SWIFT_EMIT_LOC_STRINGS = YES;
				SWIFT_VERSION = 5.0;
				TARGETED_DEVICE_FAMILY = "1,2";
			};
			name = Release;
		};
		786B074B2B922A86000E425D /* Debug */ = {
			isa = XCBuildConfiguration;
			buildSettings = {
				ALWAYS_EMBED_SWIFT_STANDARD_LIBRARIES = YES;
				BUNDLE_LOADER = "$(TEST_HOST)";
				CODE_SIGN_STYLE = Automatic;
				CURRENT_PROJECT_VERSION = 1;
				GENERATE_INFOPLIST_FILE = YES;
				IPHONEOS_DEPLOYMENT_TARGET = 17.2;
				MARKETING_VERSION = 1.0;
				PRODUCT_BUNDLE_IDENTIFIER = Bl2.ConnectEDUTests;
				PRODUCT_NAME = "$(TARGET_NAME)";
				SUPPORTED_PLATFORMS = "iphoneos iphonesimulator";
				SUPPORTS_MACCATALYST = NO;
				SUPPORTS_MAC_DESIGNED_FOR_IPHONE_IPAD = NO;
				SUPPORTS_XR_DESIGNED_FOR_IPHONE_IPAD = NO;
				SWIFT_EMIT_LOC_STRINGS = NO;
				SWIFT_VERSION = 5.0;
				TARGETED_DEVICE_FAMILY = "1,2";
				TEST_HOST = "$(BUILT_PRODUCTS_DIR)/ConnectEDU.app/$(BUNDLE_EXECUTABLE_FOLDER_PATH)/ConnectEDU";
			};
			name = Debug;
		};
		786B074C2B922A86000E425D /* Release */ = {
			isa = XCBuildConfiguration;
			buildSettings = {
				ALWAYS_EMBED_SWIFT_STANDARD_LIBRARIES = YES;
				BUNDLE_LOADER = "$(TEST_HOST)";
				CODE_SIGN_STYLE = Automatic;
				CURRENT_PROJECT_VERSION = 1;
				GENERATE_INFOPLIST_FILE = YES;
				IPHONEOS_DEPLOYMENT_TARGET = 17.2;
				MARKETING_VERSION = 1.0;
				PRODUCT_BUNDLE_IDENTIFIER = Bl2.ConnectEDUTests;
				PRODUCT_NAME = "$(TARGET_NAME)";
				SUPPORTED_PLATFORMS = "iphoneos iphonesimulator";
				SUPPORTS_MACCATALYST = NO;
				SUPPORTS_MAC_DESIGNED_FOR_IPHONE_IPAD = NO;
				SUPPORTS_XR_DESIGNED_FOR_IPHONE_IPAD = NO;
				SWIFT_EMIT_LOC_STRINGS = NO;
				SWIFT_VERSION = 5.0;
				TARGETED_DEVICE_FAMILY = "1,2";
				TEST_HOST = "$(BUILT_PRODUCTS_DIR)/ConnectEDU.app/$(BUNDLE_EXECUTABLE_FOLDER_PATH)/ConnectEDU";
			};
			name = Release;
		};
		786B074E2B922A86000E425D /* Debug */ = {
			isa = XCBuildConfiguration;
			buildSettings = {
				ALWAYS_EMBED_SWIFT_STANDARD_LIBRARIES = YES;
				CODE_SIGN_STYLE = Automatic;
				CURRENT_PROJECT_VERSION = 1;
				GENERATE_INFOPLIST_FILE = YES;
				MARKETING_VERSION = 1.0;
				PRODUCT_BUNDLE_IDENTIFIER = Bl2.ConnectEDUUITests;
				PRODUCT_NAME = "$(TARGET_NAME)";
				SUPPORTED_PLATFORMS = "iphoneos iphonesimulator";
				SUPPORTS_MACCATALYST = NO;
				SUPPORTS_MAC_DESIGNED_FOR_IPHONE_IPAD = NO;
				SUPPORTS_XR_DESIGNED_FOR_IPHONE_IPAD = NO;
				SWIFT_EMIT_LOC_STRINGS = NO;
				SWIFT_VERSION = 5.0;
				TARGETED_DEVICE_FAMILY = "1,2";
				TEST_TARGET_NAME = ConnectEDU;
			};
			name = Debug;
		};
		786B074F2B922A86000E425D /* Release */ = {
			isa = XCBuildConfiguration;
			buildSettings = {
				ALWAYS_EMBED_SWIFT_STANDARD_LIBRARIES = YES;
				CODE_SIGN_STYLE = Automatic;
				CURRENT_PROJECT_VERSION = 1;
				GENERATE_INFOPLIST_FILE = YES;
				MARKETING_VERSION = 1.0;
				PRODUCT_BUNDLE_IDENTIFIER = Bl2.ConnectEDUUITests;
				PRODUCT_NAME = "$(TARGET_NAME)";
				SUPPORTED_PLATFORMS = "iphoneos iphonesimulator";
				SUPPORTS_MACCATALYST = NO;
				SUPPORTS_MAC_DESIGNED_FOR_IPHONE_IPAD = NO;
				SUPPORTS_XR_DESIGNED_FOR_IPHONE_IPAD = NO;
				SWIFT_EMIT_LOC_STRINGS = NO;
				SWIFT_VERSION = 5.0;
				TARGETED_DEVICE_FAMILY = "1,2";
				TEST_TARGET_NAME = ConnectEDU;
			};
			name = Release;
		};
		786B076D2B927107000E425D /* Staging */ = {
			isa = XCBuildConfiguration;
			buildSettings = {
				ALWAYS_SEARCH_USER_PATHS = NO;
				ASSETCATALOG_COMPILER_GENERATE_SWIFT_ASSET_SYMBOL_EXTENSIONS = YES;
				CLANG_ANALYZER_NONNULL = YES;
				CLANG_ANALYZER_NUMBER_OBJECT_CONVERSION = YES_AGGRESSIVE;
				CLANG_CXX_LANGUAGE_STANDARD = "gnu++20";
				CLANG_ENABLE_MODULES = YES;
				CLANG_ENABLE_OBJC_ARC = YES;
				CLANG_ENABLE_OBJC_WEAK = YES;
				CLANG_WARN_BLOCK_CAPTURE_AUTORELEASING = YES;
				CLANG_WARN_BOOL_CONVERSION = YES;
				CLANG_WARN_COMMA = YES;
				CLANG_WARN_CONSTANT_CONVERSION = YES;
				CLANG_WARN_DEPRECATED_OBJC_IMPLEMENTATIONS = YES;
				CLANG_WARN_DIRECT_OBJC_ISA_USAGE = YES_ERROR;
				CLANG_WARN_DOCUMENTATION_COMMENTS = YES;
				CLANG_WARN_EMPTY_BODY = YES;
				CLANG_WARN_ENUM_CONVERSION = YES;
				CLANG_WARN_INFINITE_RECURSION = YES;
				CLANG_WARN_INT_CONVERSION = YES;
				CLANG_WARN_NON_LITERAL_NULL_CONVERSION = YES;
				CLANG_WARN_OBJC_IMPLICIT_RETAIN_SELF = YES;
				CLANG_WARN_OBJC_LITERAL_CONVERSION = YES;
				CLANG_WARN_OBJC_ROOT_CLASS = YES_ERROR;
				CLANG_WARN_QUOTED_INCLUDE_IN_FRAMEWORK_HEADER = YES;
				CLANG_WARN_RANGE_LOOP_ANALYSIS = YES;
				CLANG_WARN_STRICT_PROTOTYPES = YES;
				CLANG_WARN_SUSPICIOUS_MOVE = YES;
				CLANG_WARN_UNGUARDED_AVAILABILITY = YES_AGGRESSIVE;
				CLANG_WARN_UNREACHABLE_CODE = YES;
				CLANG_WARN__DUPLICATE_METHOD_MATCH = YES;
				COPY_PHASE_STRIP = NO;
				DEBUG_INFORMATION_FORMAT = dwarf;
				ENABLE_STRICT_OBJC_MSGSEND = YES;
				ENABLE_TESTABILITY = YES;
				ENABLE_USER_SCRIPT_SANDBOXING = YES;
				GCC_C_LANGUAGE_STANDARD = gnu17;
				GCC_DYNAMIC_NO_PIC = NO;
				GCC_NO_COMMON_BLOCKS = YES;
				GCC_OPTIMIZATION_LEVEL = 0;
				GCC_PREPROCESSOR_DEFINITIONS = (
					"DEBUG=1",
					"$(inherited)",
				);
				GCC_WARN_64_TO_32_BIT_CONVERSION = YES;
				GCC_WARN_ABOUT_RETURN_TYPE = YES_ERROR;
				GCC_WARN_UNDECLARED_SELECTOR = YES;
				GCC_WARN_UNINITIALIZED_AUTOS = YES_AGGRESSIVE;
				GCC_WARN_UNUSED_FUNCTION = YES;
				GCC_WARN_UNUSED_VARIABLE = YES;
				IPHONEOS_DEPLOYMENT_TARGET = 17.2;
				LOCALIZATION_PREFERS_STRING_CATALOGS = YES;
				MTL_ENABLE_DEBUG_INFO = INCLUDE_SOURCE;
				MTL_FAST_MATH = YES;
				ONLY_ACTIVE_ARCH = YES;
				SDKROOT = iphoneos;
				SWIFT_ACTIVE_COMPILATION_CONDITIONS = "DEBUG $(inherited)";
				SWIFT_OPTIMIZATION_LEVEL = "-Onone";
			};
			name = Staging;
		};
		786B076E2B927107000E425D /* Staging */ = {
			isa = XCBuildConfiguration;
			buildSettings = {
				ASSETCATALOG_COMPILER_APPICON_NAME = AppIcon;
				ASSETCATALOG_COMPILER_GLOBAL_ACCENT_COLOR_NAME = AccentColor;
				ASSETCATALOG_COMPILER_INCLUDE_ALL_APPICON_ASSETS = NO;
				CODE_SIGN_STYLE = Automatic;
				CURRENT_PROJECT_VERSION = 1;
				DEVELOPMENT_ASSET_PATHS = "ConnectEDU/Preview\\ Content";
				ENABLE_PREVIEWS = YES;
				GENERATE_INFOPLIST_FILE = YES;
				INFOPLIST_FILE = ConnectEDU/Info.plist;
				INFOPLIST_KEY_UIApplicationSceneManifest_Generation = YES;
				INFOPLIST_KEY_UIApplicationSupportsIndirectInputEvents = YES;
				INFOPLIST_KEY_UILaunchScreen_Generation = YES;
				INFOPLIST_KEY_UISupportedInterfaceOrientations = UIInterfaceOrientationPortrait;
				LD_RUNPATH_SEARCH_PATHS = (
					"$(inherited)",
					"@executable_path/Frameworks",
				);
				MARKETING_VERSION = 1.0;
				PRODUCT_BUNDLE_IDENTIFIER = Bl2.ConnectEDU;
				PRODUCT_NAME = "$(TARGET_NAME)";
				SUPPORTED_PLATFORMS = "iphoneos iphonesimulator";
				SUPPORTS_MACCATALYST = NO;
				SUPPORTS_MAC_DESIGNED_FOR_IPHONE_IPAD = YES;
				SUPPORTS_XR_DESIGNED_FOR_IPHONE_IPAD = YES;
				SWIFT_EMIT_LOC_STRINGS = YES;
				SWIFT_VERSION = 5.0;
				TARGETED_DEVICE_FAMILY = "1,2";
			};
			name = Staging;
		};
		786B076F2B927107000E425D /* Staging */ = {
			isa = XCBuildConfiguration;
			buildSettings = {
				ALWAYS_EMBED_SWIFT_STANDARD_LIBRARIES = YES;
				BUNDLE_LOADER = "$(TEST_HOST)";
				CODE_SIGN_STYLE = Automatic;
				CURRENT_PROJECT_VERSION = 1;
				GENERATE_INFOPLIST_FILE = YES;
				IPHONEOS_DEPLOYMENT_TARGET = 17.2;
				MARKETING_VERSION = 1.0;
				PRODUCT_BUNDLE_IDENTIFIER = Bl2.ConnectEDUTests;
				PRODUCT_NAME = "$(TARGET_NAME)";
				SUPPORTED_PLATFORMS = "iphoneos iphonesimulator";
				SUPPORTS_MACCATALYST = NO;
				SUPPORTS_MAC_DESIGNED_FOR_IPHONE_IPAD = NO;
				SUPPORTS_XR_DESIGNED_FOR_IPHONE_IPAD = NO;
				SWIFT_EMIT_LOC_STRINGS = NO;
				SWIFT_VERSION = 5.0;
				TARGETED_DEVICE_FAMILY = "1,2";
				TEST_HOST = "$(BUILT_PRODUCTS_DIR)/ConnectEDU.app/$(BUNDLE_EXECUTABLE_FOLDER_PATH)/ConnectEDU";
			};
			name = Staging;
		};
		786B07702B927107000E425D /* Staging */ = {
			isa = XCBuildConfiguration;
			buildSettings = {
				ALWAYS_EMBED_SWIFT_STANDARD_LIBRARIES = YES;
				CODE_SIGN_STYLE = Automatic;
				CURRENT_PROJECT_VERSION = 1;
				GENERATE_INFOPLIST_FILE = YES;
				MARKETING_VERSION = 1.0;
				PRODUCT_BUNDLE_IDENTIFIER = Bl2.ConnectEDUUITests;
				PRODUCT_NAME = "$(TARGET_NAME)";
				SUPPORTED_PLATFORMS = "iphoneos iphonesimulator";
				SUPPORTS_MACCATALYST = NO;
				SUPPORTS_MAC_DESIGNED_FOR_IPHONE_IPAD = NO;
				SUPPORTS_XR_DESIGNED_FOR_IPHONE_IPAD = NO;
				SWIFT_EMIT_LOC_STRINGS = NO;
				SWIFT_VERSION = 5.0;
				TARGETED_DEVICE_FAMILY = "1,2";
				TEST_TARGET_NAME = ConnectEDU;
			};
			name = Staging;
		};
/* End XCBuildConfiguration section */

/* Begin XCConfigurationList section */
		786B071E2B922A85000E425D /* Build configuration list for PBXProject "ConnectEDU" */ = {
			isa = XCConfigurationList;
			buildConfigurations = (
				786B07452B922A86000E425D /* Debug */,
				786B076D2B927107000E425D /* Staging */,
				786B07462B922A86000E425D /* Release */,
			);
			defaultConfigurationIsVisible = 0;
			defaultConfigurationName = Release;
		};
		786B07472B922A86000E425D /* Build configuration list for PBXNativeTarget "ConnectEDU" */ = {
			isa = XCConfigurationList;
			buildConfigurations = (
				786B07482B922A86000E425D /* Debug */,
				786B076E2B927107000E425D /* Staging */,
				786B07492B922A86000E425D /* Release */,
			);
			defaultConfigurationIsVisible = 0;
			defaultConfigurationName = Release;
		};
		786B074A2B922A86000E425D /* Build configuration list for PBXNativeTarget "ConnectEDUTests" */ = {
			isa = XCConfigurationList;
			buildConfigurations = (
				786B074B2B922A86000E425D /* Debug */,
				786B076F2B927107000E425D /* Staging */,
				786B074C2B922A86000E425D /* Release */,
			);
			defaultConfigurationIsVisible = 0;
			defaultConfigurationName = Release;
		};
		786B074D2B922A86000E425D /* Build configuration list for PBXNativeTarget "ConnectEDUUITests" */ = {
			isa = XCConfigurationList;
			buildConfigurations = (
				786B074E2B922A86000E425D /* Debug */,
				786B07702B927107000E425D /* Staging */,
				786B074F2B922A86000E425D /* Release */,
			);
			defaultConfigurationIsVisible = 0;
			defaultConfigurationName = Release;
		};
/* End XCConfigurationList section */
	};
	rootObject = 786B071B2B922A85000E425D /* Project object */;
}
